<?xml version="1.0" encoding="UTF-8"?>
<!DOCTYPE plist PUBLIC "-//Apple//DTD PLIST 1.0//EN" "http://www.apple.com/DTDs/PropertyList-1.0.dtd">
<plist version="1.0">
<dict>
	<key>archiveVersion</key>
	<string>1</string>
	<key>classes</key>
	<dict/>
	<key>objectVersion</key>
	<string>46</string>
	<key>objects</key>
	<dict>
		<key>31375AFE1D6534CD00B07B29</key>
		<dict>
			<key>fileEncoding</key>
			<string>4</string>
			<key>isa</key>
			<string>PBXFileReference</string>
			<key>lastKnownFileType</key>
			<string>sourcecode.swift</string>
			<key>path</key>
			<string>WebServices+Search.swift</string>
			<key>sourceTree</key>
			<string>&lt;group&gt;</string>
		</dict>
		<key>31375AFF1D6534CD00B07B29</key>
		<dict>
			<key>fileRef</key>
			<string>31375AFE1D6534CD00B07B29</string>
			<key>isa</key>
			<string>PBXBuildFile</string>
		</dict>
		<key>31C4DA9C1D65644900397716</key>
		<dict>
			<key>fileEncoding</key>
			<string>4</string>
			<key>isa</key>
			<string>PBXFileReference</string>
			<key>lastKnownFileType</key>
			<string>sourcecode.swift</string>
			<key>path</key>
			<string>LoginDataStructure.swift</string>
			<key>sourceTree</key>
			<string>&lt;group&gt;</string>
		</dict>
		<key>31C4DA9D1D65644900397716</key>
		<dict>
			<key>fileRef</key>
			<string>31C4DA9C1D65644900397716</string>
			<key>isa</key>
			<string>PBXBuildFile</string>
		</dict>
		<key>31C4DA9E1D65647A00397716</key>
		<dict>
			<key>fileEncoding</key>
			<string>4</string>
			<key>isa</key>
			<string>PBXFileReference</string>
			<key>lastKnownFileType</key>
			<string>sourcecode.swift</string>
			<key>path</key>
			<string>ClassesDataStructure.swift</string>
			<key>sourceTree</key>
			<string>&lt;group&gt;</string>
		</dict>
		<key>31C4DA9F1D65647A00397716</key>
		<dict>
			<key>fileRef</key>
			<string>31C4DA9E1D65647A00397716</string>
			<key>isa</key>
			<string>PBXBuildFile</string>
		</dict>
		<key>31C4DAA01D65649F00397716</key>
		<dict>
			<key>fileEncoding</key>
			<string>4</string>
			<key>isa</key>
			<string>PBXFileReference</string>
			<key>lastKnownFileType</key>
			<string>sourcecode.swift</string>
			<key>path</key>
			<string>SearchDataStructure.swift</string>
			<key>sourceTree</key>
			<string>&lt;group&gt;</string>
		</dict>
		<key>31C4DAA11D65649F00397716</key>
		<dict>
			<key>fileRef</key>
			<string>31C4DAA01D65649F00397716</string>
			<key>isa</key>
			<string>PBXBuildFile</string>
		</dict>
		<key>31CD309C1D67ABC6001C4647</key>
		<dict>
			<key>fileEncoding</key>
			<string>4</string>
			<key>isa</key>
			<string>PBXFileReference</string>
			<key>lastKnownFileType</key>
			<string>sourcecode.swift</string>
			<key>path</key>
			<string>DirectorySearchViewController+TableView.swift</string>
			<key>sourceTree</key>
			<string>&lt;group&gt;</string>
		</dict>
		<key>31CD309D1D67ABC6001C4647</key>
		<dict>
			<key>fileRef</key>
			<string>31CD309C1D67ABC6001C4647</string>
			<key>isa</key>
			<string>PBXBuildFile</string>
		</dict>
		<key>31CD309E1D67ACC7001C4647</key>
		<dict>
			<key>fileEncoding</key>
			<string>4</string>
			<key>isa</key>
			<string>PBXFileReference</string>
			<key>lastKnownFileType</key>
			<string>sourcecode.swift</string>
			<key>path</key>
			<string>DirectorySearchViewController+TabBar.swift</string>
			<key>sourceTree</key>
			<string>&lt;group&gt;</string>
		</dict>
		<key>31CD309F1D67ACC7001C4647</key>
		<dict>
			<key>fileRef</key>
			<string>31CD309E1D67ACC7001C4647</string>
			<key>isa</key>
			<string>PBXBuildFile</string>
		</dict>
		<key>31CD30AA1D67BEB2001C4647</key>
		<dict>
			<key>fileEncoding</key>
			<string>4</string>
			<key>isa</key>
			<string>PBXFileReference</string>
			<key>lastKnownFileType</key>
			<string>sourcecode.swift</string>
			<key>path</key>
			<string>SearchResultTableViewCell.swift</string>
			<key>sourceTree</key>
			<string>&lt;group&gt;</string>
		</dict>
		<key>31CD30AB1D67BEB2001C4647</key>
		<dict>
			<key>fileRef</key>
			<string>31CD30AA1D67BEB2001C4647</string>
			<key>isa</key>
			<string>PBXBuildFile</string>
		</dict>
		<key>61D3340A0F8502357C9B123F</key>
		<dict>
			<key>buildActionMask</key>
			<string>2147483647</string>
			<key>files</key>
			<array/>
			<key>inputPaths</key>
			<array/>
			<key>isa</key>
			<string>PBXShellScriptBuildPhase</string>
			<key>name</key>
			<string>[CP] Copy Pods Resources</string>
			<key>outputPaths</key>
			<array/>
			<key>runOnlyForDeploymentPostprocessing</key>
			<string>0</string>
			<key>shellPath</key>
			<string>/bin/sh</string>
			<key>shellScript</key>
			<string>"${SRCROOT}/Pods/Target Support Files/Pods-Cranbrook Kingswood/Pods-Cranbrook Kingswood-resources.sh"
</string>
			<key>showEnvVarsInLog</key>
			<string>0</string>
		</dict>
		<key>700E5D69CB37CA9A74D753D1</key>
		<dict>
			<key>fileRef</key>
			<string>F921898296A250D0E2257CAC</string>
			<key>isa</key>
			<string>PBXBuildFile</string>
		</dict>
		<key>8676CD42D896F33CC1E5673E</key>
		<dict>
			<key>children</key>
			<array>
				<string>D7B481C71D7B2A410033C58D</string>
				<string>D7B481C51D7B2A340033C58D</string>
				<string>D7CF021B1D7558B700145F4B</string>
				<string>D7C689891D750E860088FCA5</string>
				<string>F921898296A250D0E2257CAC</string>
			</array>
			<key>isa</key>
			<string>PBXGroup</string>
			<key>name</key>
			<string>Frameworks</string>
			<key>sourceTree</key>
			<string>&lt;group&gt;</string>
		</dict>
		<key>9BD20EAC7FE38174BF320920</key>
		<dict>
			<key>children</key>
			<array>
				<string>B3DD1C0F8761A3660B544FB4</string>
				<string>BC1DCB26B33F435898567871</string>
			</array>
			<key>isa</key>
			<string>PBXGroup</string>
			<key>name</key>
			<string>Pods</string>
			<key>sourceTree</key>
			<string>&lt;group&gt;</string>
		</dict>
		<key>A016B6E31D57FC7600A4A68D</key>
		<dict>
			<key>fileEncoding</key>
			<string>4</string>
			<key>isa</key>
			<string>PBXFileReference</string>
			<key>lastKnownFileType</key>
			<string>sourcecode.swift</string>
			<key>path</key>
			<string>ViewControllerContainer.swift</string>
			<key>sourceTree</key>
			<string>&lt;group&gt;</string>
		</dict>
		<key>A016B6E41D57FC7600A4A68D</key>
		<dict>
			<key>fileRef</key>
			<string>A016B6E31D57FC7600A4A68D</string>
			<key>isa</key>
			<string>PBXBuildFile</string>
		</dict>
		<key>A07468741D568DAD00E7ACC0</key>
		<dict>
			<key>children</key>
			<array>
				<string>A074687F1D568DAD00E7ACC0</string>
				<string>A074687E1D568DAD00E7ACC0</string>
				<string>9BD20EAC7FE38174BF320920</string>
				<string>8676CD42D896F33CC1E5673E</string>
			</array>
			<key>isa</key>
			<string>PBXGroup</string>
			<key>sourceTree</key>
			<string>&lt;group&gt;</string>
		</dict>
		<key>A07468751D568DAD00E7ACC0</key>
		<dict>
			<key>attributes</key>
			<dict>
				<key>LastSwiftUpdateCheck</key>
				<string>0730</string>
				<key>LastUpgradeCheck</key>
				<string>0800</string>
				<key>ORGANIZATIONNAME</key>
				<string>stefandeclerck</string>
				<key>TargetAttributes</key>
				<dict>
					<key>A074687C1D568DAD00E7ACC0</key>
					<dict>
						<key>CreatedOnToolsVersion</key>
						<string>7.3.1</string>
						<key>DevelopmentTeam</key>
						<string>V8FVQ5687W</string>
						<key>LastSwiftMigration</key>
						<string>0800</string>
						<key>ProvisioningStyle</key>
						<string>Automatic</string>
					</dict>
				</dict>
			</dict>
			<key>buildConfigurationList</key>
			<string>A07468781D568DAD00E7ACC0</string>
			<key>compatibilityVersion</key>
			<string>Xcode 3.2</string>
			<key>developmentRegion</key>
			<string>English</string>
			<key>hasScannedForEncodings</key>
			<string>0</string>
			<key>isa</key>
			<string>PBXProject</string>
			<key>knownRegions</key>
			<array>
				<string>en</string>
				<string>Base</string>
			</array>
			<key>mainGroup</key>
			<string>A07468741D568DAD00E7ACC0</string>
			<key>productRefGroup</key>
			<string>A074687E1D568DAD00E7ACC0</string>
			<key>projectDirPath</key>
			<string></string>
			<key>projectRoot</key>
			<string></string>
			<key>targets</key>
			<array>
				<string>A074687C1D568DAD00E7ACC0</string>
			</array>
		</dict>
		<key>A07468781D568DAD00E7ACC0</key>
		<dict>
			<key>buildConfigurations</key>
			<array>
				<string>A074688D1D568DAD00E7ACC0</string>
				<string>A074688E1D568DAD00E7ACC0</string>
			</array>
			<key>defaultConfigurationIsVisible</key>
			<string>0</string>
			<key>defaultConfigurationName</key>
			<string>Release</string>
			<key>isa</key>
			<string>XCConfigurationList</string>
		</dict>
		<key>A07468791D568DAD00E7ACC0</key>
		<dict>
			<key>buildActionMask</key>
			<string>2147483647</string>
			<key>files</key>
			<array>
				<string>D7C10B2B1D70B8D700C9B66F</string>
				<string>D7648D2B1D8CD7BB00C1D7C7</string>
				<string>D7F2AB321D7BC662005F8515</string>
				<string>A0BD73101D56B9CA00889331</string>
				<string>D7648D341D8CD7BB00C1D7C7</string>
				<string>D7F999251D7EF83500EABBD2</string>
				<string>D7B35EE51D779DD600690868</string>
				<string>31C4DAA11D65649F00397716</string>
				<string>D7648D2C1D8CD7BB00C1D7C7</string>
				<string>D72685FF1D7133F00081E4C7</string>
				<string>D7B481CA1D7B2B950033C58D</string>
				<string>D7648D381D8CD7BB00C1D7C7</string>
				<string>D7648D371D8CD7BB00C1D7C7</string>
				<string>D7648D2F1D8CD7BB00C1D7C7</string>
				<string>A09D75A81D570F1A00B2AA74</string>
				<string>D7F2AB3B1D7BCC2C005F8515</string>
				<string>D74772631D8C337200F69258</string>
				<string>A07468991D568F7000E7ACC0</string>
				<string>D71DEFED1D75F7A10006E6B6</string>
				<string>A08F66F11D57204900FBE55E</string>
				<string>A07468811D568DAD00E7ACC0</string>
				<string>A09D75A61D57042900B2AA74</string>
				<string>D72686081D7134630081E4C7</string>
				<string>D7648D2D1D8CD7BB00C1D7C7</string>
				<string>D733B90F1D8DC26F002C0D80</string>
				<string>A09D75AC1D570F8B00B2AA74</string>
				<string>D7648D361D8CD7BB00C1D7C7</string>
				<string>D7648D301D8CD7BB00C1D7C7</string>
				<string>D7648D351D8CD7BB00C1D7C7</string>
				<string>A0BD73041D56972500889331</string>
				<string>D7648D331D8CD7BB00C1D7C7</string>
				<string>31C4DA9D1D65644900397716</string>
				<string>D71DEFF01D76099A0006E6B6</string>
				<string>D7F2AB3D1D7BD3EF005F8515</string>
				<string>D72CF32E1D7258A900B2116C</string>
				<string>D7B1BCEA1D7D041300D41BEE</string>
				<string>D7B35EE31D779BD100690868</string>
				<string>D7B481BD1D7A309B0033C58D</string>
				<string>D72686011D7133F90081E4C7</string>
				<string>A09D75AE1D570F9A00B2AA74</string>
				<string>A016B6E41D57FC7600A4A68D</string>
				<string>D7C10B331D70ED0800C9B66F</string>
				<string>D7C10B2D1D70BB9700C9B66F</string>
				<string>D7648D321D8CD7BB00C1D7C7</string>
				<string>31CD30AB1D67BEB2001C4647</string>
				<string>31CD309D1D67ABC6001C4647</string>
				<string>D7648D311D8CD7BB00C1D7C7</string>
				<string>D71DEFE31D75F31B0006E6B6</string>
				<string>D7F2AB411D7CAE9C005F8515</string>
				<string>D72CF3291D72388A00B2116C</string>
				<string>A0BD730A1D56B27B00889331</string>
				<string>D71DEFE91D75F5F90006E6B6</string>
				<string>D7B481BB1D79EF9B0033C58D</string>
				<string>31CD309F1D67ACC7001C4647</string>
				<string>D7CF021F1D755B1100145F4B</string>
				<string>A09D75BB1D57159900B2AA74</string>
				<string>D7F2AB351D7BC95B005F8515</string>
				<string>A0BD73121D56E58E00889331</string>
				<string>D72686061D71344D0081E4C7</string>
				<string>31C4DA9F1D65647A00397716</string>
				<string>31375AFF1D6534CD00B07B29</string>
				<string>D7648D2E1D8CD7BB00C1D7C7</string>
				<string>A09D75AA1D570F8400B2AA74</string>
				<string>D733B90D1D8DC243002C0D80</string>
			</array>
			<key>isa</key>
			<string>PBXSourcesBuildPhase</string>
			<key>runOnlyForDeploymentPostprocessing</key>
			<string>0</string>
		</dict>
		<key>A074687A1D568DAD00E7ACC0</key>
		<dict>
			<key>buildActionMask</key>
			<string>2147483647</string>
			<key>files</key>
			<array>
				<string>D7B481C81D7B2A410033C58D</string>
				<string>D7B481C61D7B2A340033C58D</string>
				<string>D7CF021C1D7558B700145F4B</string>
				<string>D7C6898A1D750E860088FCA5</string>
				<string>700E5D69CB37CA9A74D753D1</string>
			</array>
			<key>isa</key>
			<string>PBXFrameworksBuildPhase</string>
			<key>runOnlyForDeploymentPostprocessing</key>
			<string>0</string>
		</dict>
		<key>A074687B1D568DAD00E7ACC0</key>
		<dict>
			<key>buildActionMask</key>
			<string>2147483647</string>
			<key>files</key>
			<array>
				<string>D733B9071D8DC23C002C0D80</string>
				<string>A074688B1D568DAD00E7ACC0</string>
				<string>D733B9011D8DC23C002C0D80</string>
				<string>D733B8FF1D8DC23C002C0D80</string>
				<string>D733B90A1D8DC23C002C0D80</string>
				<string>D733B9001D8DC23C002C0D80</string>
				<string>D733B9051D8DC23C002C0D80</string>
				<string>D733B9091D8DC23C002C0D80</string>
				<string>A07468881D568DAD00E7ACC0</string>
				<string>D733B9061D8DC23C002C0D80</string>
				<string>A07468861D568DAD00E7ACC0</string>
				<string>D733B9021D8DC23C002C0D80</string>
				<string>D733B9031D8DC23C002C0D80</string>
				<string>D733B9081D8DC23C002C0D80</string>
				<string>D733B9041D8DC23C002C0D80</string>
			</array>
			<key>isa</key>
			<string>PBXResourcesBuildPhase</string>
			<key>runOnlyForDeploymentPostprocessing</key>
			<string>0</string>
		</dict>
		<key>A074687C1D568DAD00E7ACC0</key>
		<dict>
			<key>buildConfigurationList</key>
			<string>A074688F1D568DAD00E7ACC0</string>
			<key>buildPhases</key>
			<array>
				<string>EE60E10580EE29BF7CE27F7A</string>
				<string>D24BD6E936FD6C4E40EDF9F4</string>
				<string>A07468791D568DAD00E7ACC0</string>
				<string>A074687A1D568DAD00E7ACC0</string>
				<string>A074687B1D568DAD00E7ACC0</string>
				<string>CACB39B8E868627911BFF492</string>
				<string>61D3340A0F8502357C9B123F</string>
				<string>D7B481C21D7A35000033C58D</string>
				<string>D7F2AB301D7B980C005F8515</string>
				<string>FCE822EEA0693891A741DE0B</string>
			</array>
			<key>buildRules</key>
			<array/>
			<key>dependencies</key>
			<array/>
			<key>isa</key>
			<string>PBXNativeTarget</string>
			<key>name</key>
			<string>Cranbrook Kingswood</string>
			<key>productName</key>
			<string>Cranbrook Kingswood</string>
			<key>productReference</key>
			<string>A074687D1D568DAD00E7ACC0</string>
			<key>productType</key>
			<string>com.apple.product-type.application</string>
		</dict>
		<key>A074687D1D568DAD00E7ACC0</key>
		<dict>
			<key>explicitFileType</key>
			<string>wrapper.application</string>
			<key>includeInIndex</key>
			<string>0</string>
			<key>isa</key>
			<string>PBXFileReference</string>
			<key>path</key>
			<string>Cranbrook Kingswood.app</string>
			<key>sourceTree</key>
			<string>BUILT_PRODUCTS_DIR</string>
		</dict>
		<key>A074687E1D568DAD00E7ACC0</key>
		<dict>
			<key>children</key>
			<array>
				<string>A074687D1D568DAD00E7ACC0</string>
			</array>
			<key>isa</key>
			<string>PBXGroup</string>
			<key>name</key>
			<string>Products</string>
			<key>sourceTree</key>
			<string>&lt;group&gt;</string>
		</dict>
		<key>A074687F1D568DAD00E7ACC0</key>
		<dict>
			<key>children</key>
			<array>
				<string>A07468841D568DAD00E7ACC0</string>
				<string>A07468921D568DF800E7ACC0</string>
				<string>A07468931D568DFD00E7ACC0</string>
			</array>
			<key>isa</key>
			<string>PBXGroup</string>
			<key>path</key>
			<string>Cranbrook Kingswood</string>
			<key>sourceTree</key>
			<string>&lt;group&gt;</string>
		</dict>
		<key>A07468801D568DAD00E7ACC0</key>
		<dict>
			<key>isa</key>
			<string>PBXFileReference</string>
			<key>lastKnownFileType</key>
			<string>sourcecode.swift</string>
			<key>path</key>
			<string>AppDelegate.swift</string>
			<key>sourceTree</key>
			<string>&lt;group&gt;</string>
		</dict>
		<key>A07468811D568DAD00E7ACC0</key>
		<dict>
			<key>fileRef</key>
			<string>A07468801D568DAD00E7ACC0</string>
			<key>isa</key>
			<string>PBXBuildFile</string>
		</dict>
		<key>A07468841D568DAD00E7ACC0</key>
		<dict>
			<key>children</key>
			<array>
				<string>A07468851D568DAD00E7ACC0</string>
			</array>
			<key>isa</key>
			<string>PBXVariantGroup</string>
			<key>name</key>
			<string>Main.storyboard</string>
			<key>sourceTree</key>
			<string>&lt;group&gt;</string>
		</dict>
		<key>A07468851D568DAD00E7ACC0</key>
		<dict>
			<key>isa</key>
			<string>PBXFileReference</string>
			<key>lastKnownFileType</key>
			<string>file.storyboard</string>
			<key>name</key>
			<string>Base</string>
			<key>path</key>
			<string>Base.lproj/Main.storyboard</string>
			<key>sourceTree</key>
			<string>&lt;group&gt;</string>
		</dict>
		<key>A07468861D568DAD00E7ACC0</key>
		<dict>
			<key>fileRef</key>
			<string>A07468841D568DAD00E7ACC0</string>
			<key>isa</key>
			<string>PBXBuildFile</string>
		</dict>
		<key>A07468871D568DAD00E7ACC0</key>
		<dict>
			<key>isa</key>
			<string>PBXFileReference</string>
			<key>lastKnownFileType</key>
			<string>folder.assetcatalog</string>
			<key>path</key>
			<string>Assets.xcassets</string>
			<key>sourceTree</key>
			<string>&lt;group&gt;</string>
		</dict>
		<key>A07468881D568DAD00E7ACC0</key>
		<dict>
			<key>fileRef</key>
			<string>A07468871D568DAD00E7ACC0</string>
			<key>isa</key>
			<string>PBXBuildFile</string>
		</dict>
		<key>A07468891D568DAD00E7ACC0</key>
		<dict>
			<key>children</key>
			<array>
				<string>A074688A1D568DAD00E7ACC0</string>
			</array>
			<key>isa</key>
			<string>PBXVariantGroup</string>
			<key>name</key>
			<string>LaunchScreen.storyboard</string>
			<key>sourceTree</key>
			<string>&lt;group&gt;</string>
		</dict>
		<key>A074688A1D568DAD00E7ACC0</key>
		<dict>
			<key>isa</key>
			<string>PBXFileReference</string>
			<key>lastKnownFileType</key>
			<string>file.storyboard</string>
			<key>name</key>
			<string>Base</string>
			<key>path</key>
			<string>Base.lproj/LaunchScreen.storyboard</string>
			<key>sourceTree</key>
			<string>&lt;group&gt;</string>
		</dict>
		<key>A074688B1D568DAD00E7ACC0</key>
		<dict>
			<key>fileRef</key>
			<string>A07468891D568DAD00E7ACC0</string>
			<key>isa</key>
			<string>PBXBuildFile</string>
		</dict>
		<key>A074688C1D568DAD00E7ACC0</key>
		<dict>
			<key>isa</key>
			<string>PBXFileReference</string>
			<key>lastKnownFileType</key>
			<string>text.plist.xml</string>
			<key>path</key>
			<string>Info.plist</string>
			<key>sourceTree</key>
			<string>&lt;group&gt;</string>
		</dict>
		<key>A074688D1D568DAD00E7ACC0</key>
		<dict>
			<key>buildSettings</key>
			<dict>
				<key>ALWAYS_SEARCH_USER_PATHS</key>
				<string>NO</string>
				<key>CLANG_ANALYZER_NONNULL</key>
				<string>YES</string>
				<key>CLANG_CXX_LANGUAGE_STANDARD</key>
				<string>gnu++0x</string>
				<key>CLANG_CXX_LIBRARY</key>
				<string>libc++</string>
				<key>CLANG_ENABLE_MODULES</key>
				<string>YES</string>
				<key>CLANG_ENABLE_OBJC_ARC</key>
				<string>YES</string>
				<key>CLANG_WARN_BOOL_CONVERSION</key>
				<string>YES</string>
				<key>CLANG_WARN_CONSTANT_CONVERSION</key>
				<string>YES</string>
				<key>CLANG_WARN_DIRECT_OBJC_ISA_USAGE</key>
				<string>YES_ERROR</string>
				<key>CLANG_WARN_EMPTY_BODY</key>
				<string>YES</string>
				<key>CLANG_WARN_ENUM_CONVERSION</key>
				<string>YES</string>
				<key>CLANG_WARN_INFINITE_RECURSION</key>
				<string>YES</string>
				<key>CLANG_WARN_INT_CONVERSION</key>
				<string>YES</string>
				<key>CLANG_WARN_OBJC_ROOT_CLASS</key>
				<string>YES_ERROR</string>
				<key>CLANG_WARN_SUSPICIOUS_MOVE</key>
				<string>YES</string>
				<key>CLANG_WARN_UNREACHABLE_CODE</key>
				<string>YES</string>
				<key>CLANG_WARN__DUPLICATE_METHOD_MATCH</key>
				<string>YES</string>
				<key>CODE_SIGN_IDENTITY[sdk=iphoneos*]</key>
				<string>iPhone Developer</string>
				<key>COPY_PHASE_STRIP</key>
				<string>NO</string>
				<key>DEBUG_INFORMATION_FORMAT</key>
				<string>dwarf</string>
				<key>ENABLE_STRICT_OBJC_MSGSEND</key>
				<string>YES</string>
				<key>ENABLE_TESTABILITY</key>
				<string>YES</string>
				<key>GCC_C_LANGUAGE_STANDARD</key>
				<string>gnu99</string>
				<key>GCC_DYNAMIC_NO_PIC</key>
				<string>NO</string>
				<key>GCC_NO_COMMON_BLOCKS</key>
				<string>YES</string>
				<key>GCC_OPTIMIZATION_LEVEL</key>
				<string>0</string>
				<key>GCC_PREPROCESSOR_DEFINITIONS</key>
				<array>
					<string>DEBUG=1</string>
					<string>$(inherited)</string>
				</array>
				<key>GCC_WARN_64_TO_32_BIT_CONVERSION</key>
				<string>YES</string>
				<key>GCC_WARN_ABOUT_RETURN_TYPE</key>
				<string>YES_ERROR</string>
				<key>GCC_WARN_UNDECLARED_SELECTOR</key>
				<string>YES</string>
				<key>GCC_WARN_UNINITIALIZED_AUTOS</key>
				<string>YES_AGGRESSIVE</string>
				<key>GCC_WARN_UNUSED_FUNCTION</key>
				<string>YES</string>
				<key>GCC_WARN_UNUSED_VARIABLE</key>
				<string>YES</string>
				<key>IPHONEOS_DEPLOYMENT_TARGET</key>
				<string>9.3</string>
				<key>MTL_ENABLE_DEBUG_INFO</key>
				<string>YES</string>
				<key>ONLY_ACTIVE_ARCH</key>
				<string>YES</string>
				<key>SDKROOT</key>
				<string>iphoneos</string>
				<key>SWIFT_OBJC_BRIDGING_HEADER</key>
				<string>Cranbrook Kingswood/Cranbrook-Kingswood-Bridging-Header.h</string>
				<key>SWIFT_OPTIMIZATION_LEVEL</key>
				<string>-Onone</string>
				<key>TARGETED_DEVICE_FAMILY</key>
				<string>1,2</string>
			</dict>
			<key>isa</key>
			<string>XCBuildConfiguration</string>
			<key>name</key>
			<string>Debug</string>
		</dict>
		<key>A074688E1D568DAD00E7ACC0</key>
		<dict>
			<key>buildSettings</key>
			<dict>
				<key>ALWAYS_SEARCH_USER_PATHS</key>
				<string>NO</string>
				<key>CLANG_ANALYZER_NONNULL</key>
				<string>YES</string>
				<key>CLANG_CXX_LANGUAGE_STANDARD</key>
				<string>gnu++0x</string>
				<key>CLANG_CXX_LIBRARY</key>
				<string>libc++</string>
				<key>CLANG_ENABLE_MODULES</key>
				<string>YES</string>
				<key>CLANG_ENABLE_OBJC_ARC</key>
				<string>YES</string>
				<key>CLANG_WARN_BOOL_CONVERSION</key>
				<string>YES</string>
				<key>CLANG_WARN_CONSTANT_CONVERSION</key>
				<string>YES</string>
				<key>CLANG_WARN_DIRECT_OBJC_ISA_USAGE</key>
				<string>YES_ERROR</string>
				<key>CLANG_WARN_EMPTY_BODY</key>
				<string>YES</string>
				<key>CLANG_WARN_ENUM_CONVERSION</key>
				<string>YES</string>
				<key>CLANG_WARN_INFINITE_RECURSION</key>
				<string>YES</string>
				<key>CLANG_WARN_INT_CONVERSION</key>
				<string>YES</string>
				<key>CLANG_WARN_OBJC_ROOT_CLASS</key>
				<string>YES_ERROR</string>
				<key>CLANG_WARN_SUSPICIOUS_MOVE</key>
				<string>YES</string>
				<key>CLANG_WARN_UNREACHABLE_CODE</key>
				<string>YES</string>
				<key>CLANG_WARN__DUPLICATE_METHOD_MATCH</key>
				<string>YES</string>
				<key>CODE_SIGN_IDENTITY[sdk=iphoneos*]</key>
				<string>iPhone Developer</string>
				<key>COPY_PHASE_STRIP</key>
				<string>NO</string>
				<key>DEBUG_INFORMATION_FORMAT</key>
				<string>dwarf-with-dsym</string>
				<key>ENABLE_NS_ASSERTIONS</key>
				<string>NO</string>
				<key>ENABLE_STRICT_OBJC_MSGSEND</key>
				<string>YES</string>
				<key>GCC_C_LANGUAGE_STANDARD</key>
				<string>gnu99</string>
				<key>GCC_NO_COMMON_BLOCKS</key>
				<string>YES</string>
				<key>GCC_WARN_64_TO_32_BIT_CONVERSION</key>
				<string>YES</string>
				<key>GCC_WARN_ABOUT_RETURN_TYPE</key>
				<string>YES_ERROR</string>
				<key>GCC_WARN_UNDECLARED_SELECTOR</key>
				<string>YES</string>
				<key>GCC_WARN_UNINITIALIZED_AUTOS</key>
				<string>YES_AGGRESSIVE</string>
				<key>GCC_WARN_UNUSED_FUNCTION</key>
				<string>YES</string>
				<key>GCC_WARN_UNUSED_VARIABLE</key>
				<string>YES</string>
				<key>IPHONEOS_DEPLOYMENT_TARGET</key>
				<string>9.3</string>
				<key>MTL_ENABLE_DEBUG_INFO</key>
				<string>NO</string>
				<key>SDKROOT</key>
				<string>iphoneos</string>
				<key>SWIFT_OBJC_BRIDGING_HEADER</key>
				<string>Cranbrook Kingswood/Cranbrook-Kingswood-Bridging-Header.h</string>
				<key>SWIFT_OPTIMIZATION_LEVEL</key>
				<string>-Owholemodule</string>
				<key>TARGETED_DEVICE_FAMILY</key>
				<string>1,2</string>
				<key>VALIDATE_PRODUCT</key>
				<string>YES</string>
			</dict>
			<key>isa</key>
			<string>XCBuildConfiguration</string>
			<key>name</key>
			<string>Release</string>
		</dict>
		<key>A074688F1D568DAD00E7ACC0</key>
		<dict>
			<key>buildConfigurations</key>
			<array>
				<string>A07468901D568DAD00E7ACC0</string>
				<string>A07468911D568DAD00E7ACC0</string>
			</array>
			<key>defaultConfigurationIsVisible</key>
			<string>0</string>
			<key>defaultConfigurationName</key>
			<string>Release</string>
			<key>isa</key>
			<string>XCConfigurationList</string>
		</dict>
		<key>A07468901D568DAD00E7ACC0</key>
		<dict>
			<key>baseConfigurationReference</key>
			<string>B3DD1C0F8761A3660B544FB4</string>
			<key>buildSettings</key>
			<dict>
				<key>ALWAYS_EMBED_SWIFT_STANDARD_LIBRARIES</key>
				<string>YES</string>
				<key>ASSETCATALOG_COMPILER_APPICON_NAME</key>
				<string>AppIcon</string>
				<key>CLANG_ENABLE_MODULES</key>
				<string>YES</string>
				<key>CODE_SIGN_IDENTITY</key>
				<string>iPhone Developer</string>
				<key>CODE_SIGN_IDENTITY[sdk=iphoneos*]</key>
				<string>iPhone Developer</string>
				<key>DEBUG_INFORMATION_FORMAT</key>
				<string>dwarf-with-dsym</string>
				<key>DEVELOPMENT_TEAM</key>
				<string>V8FVQ5687W</string>
				<key>INFOPLIST_FILE</key>
				<string>Cranbrook Kingswood/Info.plist</string>
				<key>IPHONEOS_DEPLOYMENT_TARGET</key>
				<string>9.0</string>
				<key>LD_RUNPATH_SEARCH_PATHS</key>
				<string>$(inherited) @executable_path/Frameworks</string>
				<key>PRODUCT_BUNDLE_IDENTIFIER</key>
				<string>com.stefandeclerck.Cranbrook</string>
				<key>PRODUCT_NAME</key>
				<string>$(TARGET_NAME)</string>
				<key>PROVISIONING_PROFILE</key>
				<string></string>
				<key>SWIFT_OBJC_BRIDGING_HEADER</key>
				<string>Cranbrook Kingswood/Cranbrook Kingswood-Bridging-Header.h</string>
				<key>SWIFT_OPTIMIZATION_LEVEL</key>
				<string>-Onone</string>
				<key>SWIFT_VERSION</key>
				<string>2.3</string>
				<key>TARGETED_DEVICE_FAMILY</key>
				<string>1,2</string>
			</dict>
			<key>isa</key>
			<string>XCBuildConfiguration</string>
			<key>name</key>
			<string>Debug</string>
		</dict>
		<key>A07468911D568DAD00E7ACC0</key>
		<dict>
			<key>baseConfigurationReference</key>
			<string>BC1DCB26B33F435898567871</string>
			<key>buildSettings</key>
			<dict>
				<key>ALWAYS_EMBED_SWIFT_STANDARD_LIBRARIES</key>
				<string>YES</string>
				<key>ASSETCATALOG_COMPILER_APPICON_NAME</key>
				<string>AppIcon</string>
				<key>CLANG_ENABLE_MODULES</key>
				<string>YES</string>
				<key>CODE_SIGN_IDENTITY</key>
				<string>iPhone Developer</string>
				<key>CODE_SIGN_IDENTITY[sdk=iphoneos*]</key>
				<string>iPhone Developer</string>
				<key>DEBUG_INFORMATION_FORMAT</key>
				<string>dwarf-with-dsym</string>
				<key>DEVELOPMENT_TEAM</key>
				<string>V8FVQ5687W</string>
				<key>INFOPLIST_FILE</key>
				<string>Cranbrook Kingswood/Info.plist</string>
				<key>IPHONEOS_DEPLOYMENT_TARGET</key>
				<string>9.0</string>
				<key>LD_RUNPATH_SEARCH_PATHS</key>
				<string>$(inherited) @executable_path/Frameworks</string>
				<key>PRODUCT_BUNDLE_IDENTIFIER</key>
				<string>com.stefandeclerck.Cranbrook</string>
				<key>PRODUCT_NAME</key>
				<string>$(TARGET_NAME)</string>
				<key>PROVISIONING_PROFILE</key>
				<string></string>
				<key>SWIFT_OBJC_BRIDGING_HEADER</key>
				<string>Cranbrook Kingswood/Cranbrook Kingswood-Bridging-Header.h</string>
				<key>SWIFT_VERSION</key>
				<string>2.3</string>
				<key>TARGETED_DEVICE_FAMILY</key>
				<string>1,2</string>
			</dict>
			<key>isa</key>
			<string>XCBuildConfiguration</string>
			<key>name</key>
			<string>Release</string>
		</dict>
		<key>A07468921D568DF800E7ACC0</key>
		<dict>
			<key>children</key>
			<array>
				<string>A07468961D568E9100E7ACC0</string>
				<string>D7C10B271D70B2F800C9B66F</string>
				<string>D7C10B261D70B2E900C9B66F</string>
				<string>D7C10B281D70B39000C9B66F</string>
				<string>D7C10B291D70B39600C9B66F</string>
				<string>D72CF32A1D7257ED00B2116C</string>
			</array>
			<key>isa</key>
			<string>PBXGroup</string>
			<key>name</key>
			<string>Code</string>
			<key>sourceTree</key>
			<string>&lt;group&gt;</string>
		</dict>
		<key>A07468931D568DFD00E7ACC0</key>
		<dict>
			<key>children</key>
			<array>
				<string>A07468871D568DAD00E7ACC0</string>
				<string>A07468891D568DAD00E7ACC0</string>
				<string>A074688C1D568DAD00E7ACC0</string>
				<string>A0BD730F1D56B9CA00889331</string>
				<string>A09D75B81D57159900B2AA74</string>
			</array>
			<key>isa</key>
			<string>PBXGroup</string>
			<key>name</key>
			<string>Supporting Files</string>
			<key>sourceTree</key>
			<string>&lt;group&gt;</string>
		</dict>
		<key>A07468961D568E9100E7ACC0</key>
		<dict>
			<key>children</key>
			<array>
				<string>A07468801D568DAD00E7ACC0</string>
				<string>A0BD73111D56E58E00889331</string>
				<string>D7C10B321D70ED0800C9B66F</string>
			</array>
			<key>isa</key>
			<string>PBXGroup</string>
			<key>name</key>
			<string>Core</string>
			<key>sourceTree</key>
			<string>&lt;group&gt;</string>
		</dict>
		<key>A07468981D568F7000E7ACC0</key>
		<dict>
			<key>fileEncoding</key>
			<string>4</string>
			<key>isa</key>
			<string>PBXFileReference</string>
			<key>lastKnownFileType</key>
			<string>sourcecode.swift</string>
			<key>path</key>
			<string>StartupViewController.swift</string>
			<key>sourceTree</key>
			<string>&lt;group&gt;</string>
		</dict>
		<key>A07468991D568F7000E7ACC0</key>
		<dict>
			<key>fileRef</key>
			<string>A07468981D568F7000E7ACC0</string>
			<key>isa</key>
			<string>PBXBuildFile</string>
		</dict>
		<key>A08F66F01D57204900FBE55E</key>
		<dict>
			<key>fileEncoding</key>
			<string>4</string>
			<key>isa</key>
			<string>PBXFileReference</string>
			<key>lastKnownFileType</key>
			<string>sourcecode.swift</string>
			<key>path</key>
			<string>LoginViewController.swift</string>
			<key>sourceTree</key>
			<string>&lt;group&gt;</string>
		</dict>
		<key>A08F66F11D57204900FBE55E</key>
		<dict>
			<key>fileRef</key>
			<string>A08F66F01D57204900FBE55E</string>
			<key>isa</key>
			<string>PBXBuildFile</string>
		</dict>
		<key>A09D75A51D57042900B2AA74</key>
		<dict>
			<key>fileEncoding</key>
			<string>4</string>
			<key>isa</key>
			<string>PBXFileReference</string>
			<key>lastKnownFileType</key>
			<string>sourcecode.swift</string>
			<key>path</key>
			<string>DateComparison.swift</string>
			<key>sourceTree</key>
			<string>&lt;group&gt;</string>
		</dict>
		<key>A09D75A61D57042900B2AA74</key>
		<dict>
			<key>fileRef</key>
			<string>A09D75A51D57042900B2AA74</string>
			<key>isa</key>
			<string>PBXBuildFile</string>
		</dict>
		<key>A09D75A71D570F1A00B2AA74</key>
		<dict>
			<key>fileEncoding</key>
			<string>4</string>
			<key>isa</key>
			<string>PBXFileReference</string>
			<key>lastKnownFileType</key>
			<string>sourcecode.swift</string>
			<key>path</key>
			<string>WebServices+CurrentClasses.swift</string>
			<key>sourceTree</key>
			<string>&lt;group&gt;</string>
		</dict>
		<key>A09D75A81D570F1A00B2AA74</key>
		<dict>
			<key>fileRef</key>
			<string>A09D75A71D570F1A00B2AA74</string>
			<key>isa</key>
			<string>PBXBuildFile</string>
		</dict>
		<key>A09D75A91D570F8400B2AA74</key>
		<dict>
			<key>fileEncoding</key>
			<string>4</string>
			<key>isa</key>
			<string>PBXFileReference</string>
			<key>lastKnownFileType</key>
			<string>sourcecode.swift</string>
			<key>path</key>
			<string>AssignmentsViewController.swift</string>
			<key>sourceTree</key>
			<string>&lt;group&gt;</string>
		</dict>
		<key>A09D75AA1D570F8400B2AA74</key>
		<dict>
			<key>fileRef</key>
			<string>A09D75A91D570F8400B2AA74</string>
			<key>isa</key>
			<string>PBXBuildFile</string>
		</dict>
		<key>A09D75AB1D570F8B00B2AA74</key>
		<dict>
			<key>fileEncoding</key>
			<string>4</string>
			<key>isa</key>
			<string>PBXFileReference</string>
			<key>lastKnownFileType</key>
			<string>sourcecode.swift</string>
			<key>path</key>
			<string>ClassesViewController.swift</string>
			<key>sourceTree</key>
			<string>&lt;group&gt;</string>
		</dict>
		<key>A09D75AC1D570F8B00B2AA74</key>
		<dict>
			<key>fileRef</key>
			<string>A09D75AB1D570F8B00B2AA74</string>
			<key>isa</key>
			<string>PBXBuildFile</string>
		</dict>
		<key>A09D75AD1D570F9A00B2AA74</key>
		<dict>
			<key>fileEncoding</key>
			<string>4</string>
			<key>isa</key>
			<string>PBXFileReference</string>
			<key>lastKnownFileType</key>
			<string>sourcecode.swift</string>
			<key>path</key>
			<string>DirectorySearchViewController.swift</string>
			<key>sourceTree</key>
			<string>&lt;group&gt;</string>
		</dict>
		<key>A09D75AE1D570F9A00B2AA74</key>
		<dict>
			<key>fileRef</key>
			<string>A09D75AD1D570F9A00B2AA74</string>
			<key>isa</key>
			<string>PBXBuildFile</string>
		</dict>
		<key>A09D75B81D57159900B2AA74</key>
		<dict>
			<key>isa</key>
			<string>PBXFileReference</string>
			<key>lastKnownFileType</key>
			<string>sourcecode.c.h</string>
			<key>path</key>
			<string>Cranbrook Kingswood-Bridging-Header.h</string>
			<key>sourceTree</key>
			<string>&lt;group&gt;</string>
		</dict>
		<key>A09D75B91D57159900B2AA74</key>
		<dict>
			<key>fileEncoding</key>
			<string>4</string>
			<key>isa</key>
			<string>PBXFileReference</string>
			<key>lastKnownFileType</key>
			<string>sourcecode.c.h</string>
			<key>path</key>
			<string>ProgressHUD.h</string>
			<key>sourceTree</key>
			<string>&lt;group&gt;</string>
		</dict>
		<key>A09D75BA1D57159900B2AA74</key>
		<dict>
			<key>fileEncoding</key>
			<string>4</string>
			<key>isa</key>
			<string>PBXFileReference</string>
			<key>lastKnownFileType</key>
			<string>sourcecode.c.objc</string>
			<key>path</key>
			<string>ProgressHUD.m</string>
			<key>sourceTree</key>
			<string>&lt;group&gt;</string>
		</dict>
		<key>A09D75BB1D57159900B2AA74</key>
		<dict>
			<key>fileRef</key>
			<string>A09D75BA1D57159900B2AA74</string>
			<key>isa</key>
			<string>PBXBuildFile</string>
		</dict>
		<key>A09D75BC1D5715C500B2AA74</key>
		<dict>
			<key>children</key>
			<array>
				<string>A09D75B91D57159900B2AA74</string>
				<string>A09D75BA1D57159900B2AA74</string>
			</array>
			<key>isa</key>
			<string>PBXGroup</string>
			<key>name</key>
			<string>ProgressHUD</string>
			<key>sourceTree</key>
			<string>&lt;group&gt;</string>
		</dict>
		<key>A0BD73031D56972500889331</key>
		<dict>
			<key>fileEncoding</key>
			<string>4</string>
			<key>isa</key>
			<string>PBXFileReference</string>
			<key>lastKnownFileType</key>
			<string>sourcecode.swift</string>
			<key>path</key>
			<string>WebServices.swift</string>
			<key>sourceTree</key>
			<string>&lt;group&gt;</string>
		</dict>
		<key>A0BD73041D56972500889331</key>
		<dict>
			<key>fileRef</key>
			<string>A0BD73031D56972500889331</string>
			<key>isa</key>
			<string>PBXBuildFile</string>
		</dict>
		<key>A0BD73091D56B27A00889331</key>
		<dict>
			<key>fileEncoding</key>
			<string>4</string>
			<key>isa</key>
			<string>PBXFileReference</string>
			<key>lastKnownFileType</key>
			<string>sourcecode.swift</string>
			<key>path</key>
			<string>WebServices+Login.swift</string>
			<key>sourceTree</key>
			<string>&lt;group&gt;</string>
		</dict>
		<key>A0BD730A1D56B27B00889331</key>
		<dict>
			<key>fileRef</key>
			<string>A0BD73091D56B27A00889331</string>
			<key>isa</key>
			<string>PBXBuildFile</string>
		</dict>
		<key>A0BD730F1D56B9CA00889331</key>
		<dict>
			<key>fileEncoding</key>
			<string>4</string>
			<key>isa</key>
			<string>PBXFileReference</string>
			<key>lastKnownFileType</key>
			<string>sourcecode.swift</string>
			<key>path</key>
			<string>CranbrookAPIInfo.swift</string>
			<key>sourceTree</key>
			<string>&lt;group&gt;</string>
		</dict>
		<key>A0BD73101D56B9CA00889331</key>
		<dict>
			<key>fileRef</key>
			<string>A0BD730F1D56B9CA00889331</string>
			<key>isa</key>
			<string>PBXBuildFile</string>
		</dict>
		<key>A0BD73111D56E58E00889331</key>
		<dict>
			<key>fileEncoding</key>
			<string>4</string>
			<key>isa</key>
			<string>PBXFileReference</string>
			<key>lastKnownFileType</key>
			<string>sourcecode.swift</string>
			<key>path</key>
			<string>Constants.swift</string>
			<key>sourceTree</key>
			<string>&lt;group&gt;</string>
		</dict>
		<key>A0BD73121D56E58E00889331</key>
		<dict>
			<key>fileRef</key>
			<string>A0BD73111D56E58E00889331</string>
			<key>isa</key>
			<string>PBXBuildFile</string>
		</dict>
		<key>B3DD1C0F8761A3660B544FB4</key>
		<dict>
			<key>includeInIndex</key>
			<string>1</string>
			<key>isa</key>
			<string>PBXFileReference</string>
			<key>lastKnownFileType</key>
			<string>text.xcconfig</string>
			<key>name</key>
			<string>Pods-Cranbrook Kingswood.debug.xcconfig</string>
			<key>path</key>
			<string>Pods/Target Support Files/Pods-Cranbrook Kingswood/Pods-Cranbrook Kingswood.debug.xcconfig</string>
			<key>sourceTree</key>
			<string>&lt;group&gt;</string>
		</dict>
		<key>BC1DCB26B33F435898567871</key>
		<dict>
			<key>includeInIndex</key>
			<string>1</string>
			<key>isa</key>
			<string>PBXFileReference</string>
			<key>lastKnownFileType</key>
			<string>text.xcconfig</string>
			<key>name</key>
			<string>Pods-Cranbrook Kingswood.release.xcconfig</string>
			<key>path</key>
			<string>Pods/Target Support Files/Pods-Cranbrook Kingswood/Pods-Cranbrook Kingswood.release.xcconfig</string>
			<key>sourceTree</key>
			<string>&lt;group&gt;</string>
		</dict>
		<key>CACB39B8E868627911BFF492</key>
		<dict>
			<key>buildActionMask</key>
			<string>2147483647</string>
			<key>files</key>
			<array/>
			<key>inputPaths</key>
			<array/>
			<key>isa</key>
			<string>PBXShellScriptBuildPhase</string>
			<key>name</key>
			<string>[CP] Embed Pods Frameworks</string>
			<key>outputPaths</key>
			<array/>
			<key>runOnlyForDeploymentPostprocessing</key>
			<string>0</string>
			<key>shellPath</key>
			<string>/bin/sh</string>
			<key>shellScript</key>
			<string>"${SRCROOT}/Pods/Target Support Files/Pods-Cranbrook Kingswood/Pods-Cranbrook Kingswood-frameworks.sh"
</string>
			<key>showEnvVarsInLog</key>
			<string>0</string>
		</dict>
		<key>D24BD6E936FD6C4E40EDF9F4</key>
		<dict>
			<key>buildActionMask</key>
			<string>2147483647</string>
			<key>files</key>
			<array/>
			<key>inputPaths</key>
			<array/>
			<key>isa</key>
			<string>PBXShellScriptBuildPhase</string>
			<key>name</key>
			<string>[CP] Check Pods Manifest.lock</string>
			<key>outputPaths</key>
			<array/>
			<key>runOnlyForDeploymentPostprocessing</key>
			<string>0</string>
			<key>shellPath</key>
			<string>/bin/sh</string>
			<key>shellScript</key>
			<string>diff "${PODS_ROOT}/../Podfile.lock" "${PODS_ROOT}/Manifest.lock" &gt; /dev/null
if [ $? != 0 ] ; then
    # print error to STDERR
    echo "error: The sandbox is not in sync with the Podfile.lock. Run 'pod install' or update your CocoaPods installation." &gt;&amp;2
    exit 1
fi
</string>
			<key>showEnvVarsInLog</key>
			<string>0</string>
		</dict>
		<key>D71DEFE21D75F31B0006E6B6</key>
		<dict>
			<key>fileEncoding</key>
			<string>4</string>
			<key>isa</key>
			<string>PBXFileReference</string>
			<key>lastKnownFileType</key>
			<string>sourcecode.swift</string>
			<key>path</key>
			<string>AssignmentsViewController+Selector.swift</string>
			<key>sourceTree</key>
			<string>&lt;group&gt;</string>
		</dict>
		<key>D71DEFE31D75F31B0006E6B6</key>
		<dict>
			<key>fileRef</key>
			<string>D71DEFE21D75F31B0006E6B6</string>
			<key>isa</key>
			<string>PBXBuildFile</string>
		</dict>
		<key>D71DEFE81D75F5F80006E6B6</key>
		<dict>
			<key>fileEncoding</key>
			<string>4</string>
			<key>isa</key>
			<string>PBXFileReference</string>
			<key>lastKnownFileType</key>
			<string>sourcecode.swift</string>
			<key>path</key>
			<string>AssignmentsViewController+TableView.swift</string>
			<key>sourceTree</key>
			<string>&lt;group&gt;</string>
		</dict>
		<key>D71DEFE91D75F5F90006E6B6</key>
		<dict>
			<key>fileRef</key>
			<string>D71DEFE81D75F5F80006E6B6</string>
			<key>isa</key>
			<string>PBXBuildFile</string>
		</dict>
		<key>D71DEFEA1D75F6C10006E6B6</key>
		<dict>
			<key>children</key>
			<array>
				<string>A09D75AD1D570F9A00B2AA74</string>
				<string>31CD309C1D67ABC6001C4647</string>
				<string>31CD309E1D67ACC7001C4647</string>
				<string>D74772611D8C335700F69258</string>
			</array>
			<key>isa</key>
			<string>PBXGroup</string>
			<key>name</key>
			<string>Directory Search</string>
			<key>sourceTree</key>
			<string>&lt;group&gt;</string>
		</dict>
		<key>D71DEFEB1D75F6D00006E6B6</key>
		<dict>
			<key>children</key>
			<array>
				<string>A09D75A91D570F8400B2AA74</string>
				<string>D71DEFE81D75F5F80006E6B6</string>
				<string>D71DEFE21D75F31B0006E6B6</string>
			</array>
			<key>isa</key>
			<string>PBXGroup</string>
			<key>name</key>
			<string>Assignments</string>
			<key>sourceTree</key>
			<string>&lt;group&gt;</string>
		</dict>
		<key>D71DEFEC1D75F7A10006E6B6</key>
		<dict>
			<key>fileEncoding</key>
			<string>4</string>
			<key>isa</key>
			<string>PBXFileReference</string>
			<key>lastKnownFileType</key>
			<string>sourcecode.swift</string>
			<key>path</key>
			<string>ClassesViewController+TableView.swift</string>
			<key>sourceTree</key>
			<string>&lt;group&gt;</string>
		</dict>
		<key>D71DEFED1D75F7A10006E6B6</key>
		<dict>
			<key>fileRef</key>
			<string>D71DEFEC1D75F7A10006E6B6</string>
			<key>isa</key>
			<string>PBXBuildFile</string>
		</dict>
		<key>D71DEFEE1D75F7CA0006E6B6</key>
		<dict>
			<key>children</key>
			<array>
				<string>A09D75AB1D570F8B00B2AA74</string>
				<string>D71DEFEC1D75F7A10006E6B6</string>
			</array>
			<key>isa</key>
			<string>PBXGroup</string>
			<key>name</key>
			<string>Classes</string>
			<key>sourceTree</key>
			<string>&lt;group&gt;</string>
		</dict>
		<key>D71DEFEF1D76099A0006E6B6</key>
		<dict>
			<key>fileEncoding</key>
			<string>4</string>
			<key>isa</key>
			<string>PBXFileReference</string>
			<key>lastKnownFileType</key>
			<string>sourcecode.swift</string>
			<key>path</key>
			<string>NetworkStatus.swift</string>
			<key>sourceTree</key>
			<string>&lt;group&gt;</string>
		</dict>
		<key>D71DEFF01D76099A0006E6B6</key>
		<dict>
			<key>fileRef</key>
			<string>D71DEFEF1D76099A0006E6B6</string>
			<key>isa</key>
			<string>PBXBuildFile</string>
		</dict>
		<key>D72685FE1D7133F00081E4C7</key>
		<dict>
			<key>fileEncoding</key>
			<string>4</string>
			<key>isa</key>
			<string>PBXFileReference</string>
			<key>lastKnownFileType</key>
			<string>sourcecode.swift</string>
			<key>path</key>
			<string>WebServices+Assignments.swift</string>
			<key>sourceTree</key>
			<string>&lt;group&gt;</string>
		</dict>
		<key>D72685FF1D7133F00081E4C7</key>
		<dict>
			<key>fileRef</key>
			<string>D72685FE1D7133F00081E4C7</string>
			<key>isa</key>
			<string>PBXBuildFile</string>
		</dict>
		<key>D72686001D7133F90081E4C7</key>
		<dict>
			<key>fileEncoding</key>
			<string>4</string>
			<key>isa</key>
			<string>PBXFileReference</string>
			<key>lastKnownFileType</key>
			<string>sourcecode.swift</string>
			<key>path</key>
			<string>WebServices+AssignmentDetail.swift</string>
			<key>sourceTree</key>
			<string>&lt;group&gt;</string>
		</dict>
		<key>D72686011D7133F90081E4C7</key>
		<dict>
			<key>fileRef</key>
			<string>D72686001D7133F90081E4C7</string>
			<key>isa</key>
			<string>PBXBuildFile</string>
		</dict>
		<key>D72686051D71344D0081E4C7</key>
		<dict>
			<key>fileEncoding</key>
			<string>4</string>
			<key>isa</key>
			<string>PBXFileReference</string>
			<key>lastKnownFileType</key>
			<string>sourcecode.swift</string>
			<key>path</key>
			<string>AssignmentTableViewCell.swift</string>
			<key>sourceTree</key>
			<string>&lt;group&gt;</string>
		</dict>
		<key>D72686061D71344D0081E4C7</key>
		<dict>
			<key>fileRef</key>
			<string>D72686051D71344D0081E4C7</string>
			<key>isa</key>
			<string>PBXBuildFile</string>
		</dict>
		<key>D72686071D7134630081E4C7</key>
		<dict>
			<key>fileEncoding</key>
			<string>4</string>
			<key>isa</key>
			<string>PBXFileReference</string>
			<key>lastKnownFileType</key>
			<string>sourcecode.swift</string>
			<key>path</key>
			<string>ClassesTableViewCell.swift</string>
			<key>sourceTree</key>
			<string>&lt;group&gt;</string>
		</dict>
		<key>D72686081D7134630081E4C7</key>
		<dict>
			<key>fileRef</key>
			<string>D72686071D7134630081E4C7</string>
			<key>isa</key>
			<string>PBXBuildFile</string>
		</dict>
		<key>D72CF3281D72388A00B2116C</key>
		<dict>
			<key>fileEncoding</key>
			<string>4</string>
			<key>isa</key>
			<string>PBXFileReference</string>
			<key>lastKnownFileType</key>
			<string>sourcecode.swift</string>
			<key>path</key>
			<string>AKPickerView.swift</string>
			<key>sourceTree</key>
			<string>&lt;group&gt;</string>
		</dict>
		<key>D72CF3291D72388A00B2116C</key>
		<dict>
			<key>fileRef</key>
			<string>D72CF3281D72388A00B2116C</string>
			<key>isa</key>
			<string>PBXBuildFile</string>
		</dict>
		<key>D72CF32A1D7257ED00B2116C</key>
		<dict>
			<key>children</key>
			<array>
				<string>A09D75A51D57042900B2AA74</string>
				<string>D72CF3281D72388A00B2116C</string>
				<string>D71DEFEF1D76099A0006E6B6</string>
				<string>D733B8F01D8DC228002C0D80</string>
				<string>D7648D1C1D8CD7A500C1D7C7</string>
				<string>D7CF02171D75586D00145F4B</string>
				<string>A09D75BC1D5715C500B2AA74</string>
			</array>
			<key>isa</key>
			<string>PBXGroup</string>
			<key>name</key>
			<string>Custom Classes</string>
			<key>sourceTree</key>
			<string>&lt;group&gt;</string>
		</dict>
		<key>D72CF32D1D7258A900B2116C</key>
		<dict>
			<key>fileEncoding</key>
			<string>4</string>
			<key>isa</key>
			<string>PBXFileReference</string>
			<key>lastKnownFileType</key>
			<string>sourcecode.swift</string>
			<key>path</key>
			<string>DateListStructure.swift</string>
			<key>sourceTree</key>
			<string>&lt;group&gt;</string>
		</dict>
		<key>D72CF32E1D7258A900B2116C</key>
		<dict>
			<key>fileRef</key>
			<string>D72CF32D1D7258A900B2116C</string>
			<key>isa</key>
			<string>PBXBuildFile</string>
		</dict>
		<key>D733B8F01D8DC228002C0D80</key>
		<dict>
			<key>children</key>
			<array>
				<string>D733B8F21D8DC233002C0D80</string>
				<string>D733B8F11D8DC22E002C0D80</string>
			</array>
			<key>isa</key>
			<string>PBXGroup</string>
			<key>name</key>
			<string>ISMessages</string>
			<key>sourceTree</key>
			<string>&lt;group&gt;</string>
		</dict>
		<key>D733B8F11D8DC22E002C0D80</key>
		<dict>
			<key>children</key>
			<array>
				<string>D733B90B1D8DC243002C0D80</string>
				<string>D733B90C1D8DC243002C0D80</string>
			</array>
			<key>isa</key>
			<string>PBXGroup</string>
			<key>name</key>
			<string>Classes</string>
			<key>sourceTree</key>
			<string>&lt;group&gt;</string>
		</dict>
		<key>D733B8F21D8DC233002C0D80</key>
		<dict>
			<key>children</key>
			<array>
				<string>D733B8F31D8DC23C002C0D80</string>
				<string>D733B8F41D8DC23C002C0D80</string>
				<string>D733B8F51D8DC23C002C0D80</string>
				<string>D733B8F61D8DC23C002C0D80</string>
				<string>D733B8F71D8DC23C002C0D80</string>
				<string>D733B8F81D8DC23C002C0D80</string>
				<string>D733B8F91D8DC23C002C0D80</string>
				<string>D733B8FA1D8DC23C002C0D80</string>
				<string>D733B8FB1D8DC23C002C0D80</string>
				<string>D733B8FC1D8DC23C002C0D80</string>
				<string>D733B8FD1D8DC23C002C0D80</string>
				<string>D733B8FE1D8DC23C002C0D80</string>
			</array>
			<key>isa</key>
			<string>PBXGroup</string>
			<key>name</key>
			<string>Assets</string>
			<key>sourceTree</key>
			<string>&lt;group&gt;</string>
		</dict>
		<key>D733B8F31D8DC23C002C0D80</key>
		<dict>
			<key>isa</key>
			<string>PBXFileReference</string>
			<key>lastKnownFileType</key>
			<string>image.png</string>
			<key>path</key>
			<string>isErrorIcon.png</string>
			<key>sourceTree</key>
			<string>&lt;group&gt;</string>
		</dict>
		<key>D733B8F41D8DC23C002C0D80</key>
		<dict>
			<key>isa</key>
			<string>PBXFileReference</string>
			<key>lastKnownFileType</key>
			<string>image.png</string>
			<key>path</key>
			<string>isErrorIcon@2x.png</string>
			<key>sourceTree</key>
			<string>&lt;group&gt;</string>
		</dict>
		<key>D733B8F51D8DC23C002C0D80</key>
		<dict>
			<key>isa</key>
			<string>PBXFileReference</string>
			<key>lastKnownFileType</key>
			<string>image.png</string>
			<key>path</key>
			<string>isErrorIcon@3x.png</string>
			<key>sourceTree</key>
			<string>&lt;group&gt;</string>
		</dict>
		<key>D733B8F61D8DC23C002C0D80</key>
		<dict>
			<key>isa</key>
			<string>PBXFileReference</string>
			<key>lastKnownFileType</key>
			<string>image.png</string>
			<key>path</key>
			<string>isInfoIcon.png</string>
			<key>sourceTree</key>
			<string>&lt;group&gt;</string>
		</dict>
		<key>D733B8F71D8DC23C002C0D80</key>
		<dict>
			<key>isa</key>
			<string>PBXFileReference</string>
			<key>lastKnownFileType</key>
			<string>image.png</string>
			<key>path</key>
			<string>isInfoIcon@2x.png</string>
			<key>sourceTree</key>
			<string>&lt;group&gt;</string>
		</dict>
		<key>D733B8F81D8DC23C002C0D80</key>
		<dict>
			<key>isa</key>
			<string>PBXFileReference</string>
			<key>lastKnownFileType</key>
			<string>image.png</string>
			<key>path</key>
			<string>isInfoIcon@3x.png</string>
			<key>sourceTree</key>
			<string>&lt;group&gt;</string>
		</dict>
		<key>D733B8F91D8DC23C002C0D80</key>
		<dict>
			<key>isa</key>
			<string>PBXFileReference</string>
			<key>lastKnownFileType</key>
			<string>image.png</string>
			<key>path</key>
			<string>isSuccessIcon.png</string>
			<key>sourceTree</key>
			<string>&lt;group&gt;</string>
		</dict>
		<key>D733B8FA1D8DC23C002C0D80</key>
		<dict>
			<key>isa</key>
			<string>PBXFileReference</string>
			<key>lastKnownFileType</key>
			<string>image.png</string>
			<key>path</key>
			<string>isSuccessIcon@2x.png</string>
			<key>sourceTree</key>
			<string>&lt;group&gt;</string>
		</dict>
		<key>D733B8FB1D8DC23C002C0D80</key>
		<dict>
			<key>isa</key>
			<string>PBXFileReference</string>
			<key>lastKnownFileType</key>
			<string>image.png</string>
			<key>path</key>
			<string>isSuccessIcon@3x.png</string>
			<key>sourceTree</key>
			<string>&lt;group&gt;</string>
		</dict>
		<key>D733B8FC1D8DC23C002C0D80</key>
		<dict>
			<key>isa</key>
			<string>PBXFileReference</string>
			<key>lastKnownFileType</key>
			<string>image.png</string>
			<key>path</key>
			<string>isWarningIcon.png</string>
			<key>sourceTree</key>
			<string>&lt;group&gt;</string>
		</dict>
		<key>D733B8FD1D8DC23C002C0D80</key>
		<dict>
			<key>isa</key>
			<string>PBXFileReference</string>
			<key>lastKnownFileType</key>
			<string>image.png</string>
			<key>path</key>
			<string>isWarningIcon@2x.png</string>
			<key>sourceTree</key>
			<string>&lt;group&gt;</string>
		</dict>
		<key>D733B8FE1D8DC23C002C0D80</key>
		<dict>
			<key>isa</key>
			<string>PBXFileReference</string>
			<key>lastKnownFileType</key>
			<string>image.png</string>
			<key>path</key>
			<string>isWarningIcon@3x.png</string>
			<key>sourceTree</key>
			<string>&lt;group&gt;</string>
		</dict>
		<key>D733B8FF1D8DC23C002C0D80</key>
		<dict>
			<key>fileRef</key>
			<string>D733B8F31D8DC23C002C0D80</string>
			<key>isa</key>
			<string>PBXBuildFile</string>
		</dict>
		<key>D733B9001D8DC23C002C0D80</key>
		<dict>
			<key>fileRef</key>
			<string>D733B8F41D8DC23C002C0D80</string>
			<key>isa</key>
			<string>PBXBuildFile</string>
		</dict>
		<key>D733B9011D8DC23C002C0D80</key>
		<dict>
			<key>fileRef</key>
			<string>D733B8F51D8DC23C002C0D80</string>
			<key>isa</key>
			<string>PBXBuildFile</string>
		</dict>
		<key>D733B9021D8DC23C002C0D80</key>
		<dict>
			<key>fileRef</key>
			<string>D733B8F61D8DC23C002C0D80</string>
			<key>isa</key>
			<string>PBXBuildFile</string>
		</dict>
		<key>D733B9031D8DC23C002C0D80</key>
		<dict>
			<key>fileRef</key>
			<string>D733B8F71D8DC23C002C0D80</string>
			<key>isa</key>
			<string>PBXBuildFile</string>
		</dict>
		<key>D733B9041D8DC23C002C0D80</key>
		<dict>
			<key>fileRef</key>
			<string>D733B8F81D8DC23C002C0D80</string>
			<key>isa</key>
			<string>PBXBuildFile</string>
		</dict>
		<key>D733B9051D8DC23C002C0D80</key>
		<dict>
			<key>fileRef</key>
			<string>D733B8F91D8DC23C002C0D80</string>
			<key>isa</key>
			<string>PBXBuildFile</string>
		</dict>
		<key>D733B9061D8DC23C002C0D80</key>
		<dict>
			<key>fileRef</key>
			<string>D733B8FA1D8DC23C002C0D80</string>
			<key>isa</key>
			<string>PBXBuildFile</string>
		</dict>
		<key>D733B9071D8DC23C002C0D80</key>
		<dict>
			<key>fileRef</key>
			<string>D733B8FB1D8DC23C002C0D80</string>
			<key>isa</key>
			<string>PBXBuildFile</string>
		</dict>
		<key>D733B9081D8DC23C002C0D80</key>
		<dict>
			<key>fileRef</key>
			<string>D733B8FC1D8DC23C002C0D80</string>
			<key>isa</key>
			<string>PBXBuildFile</string>
		</dict>
		<key>D733B9091D8DC23C002C0D80</key>
		<dict>
			<key>fileRef</key>
			<string>D733B8FD1D8DC23C002C0D80</string>
			<key>isa</key>
			<string>PBXBuildFile</string>
		</dict>
		<key>D733B90A1D8DC23C002C0D80</key>
		<dict>
			<key>fileRef</key>
			<string>D733B8FE1D8DC23C002C0D80</string>
			<key>isa</key>
			<string>PBXBuildFile</string>
		</dict>
		<key>D733B90B1D8DC243002C0D80</key>
		<dict>
			<key>fileEncoding</key>
			<string>4</string>
			<key>isa</key>
			<string>PBXFileReference</string>
			<key>lastKnownFileType</key>
			<string>sourcecode.c.h</string>
			<key>path</key>
			<string>ISMessages.h</string>
			<key>sourceTree</key>
			<string>&lt;group&gt;</string>
		</dict>
		<key>D733B90C1D8DC243002C0D80</key>
		<dict>
			<key>fileEncoding</key>
			<string>4</string>
			<key>isa</key>
			<string>PBXFileReference</string>
			<key>lastKnownFileType</key>
			<string>sourcecode.c.objc</string>
			<key>path</key>
			<string>ISMessages.m</string>
			<key>sourceTree</key>
			<string>&lt;group&gt;</string>
		</dict>
		<key>D733B90D1D8DC243002C0D80</key>
		<dict>
			<key>fileRef</key>
			<string>D733B90C1D8DC243002C0D80</string>
			<key>isa</key>
			<string>PBXBuildFile</string>
		</dict>
		<key>D733B90E1D8DC26F002C0D80</key>
		<dict>
			<key>fileEncoding</key>
			<string>4</string>
			<key>isa</key>
			<string>PBXFileReference</string>
			<key>lastKnownFileType</key>
			<string>sourcecode.swift</string>
			<key>path</key>
			<string>CranbrookViewController.swift</string>
			<key>sourceTree</key>
			<string>&lt;group&gt;</string>
		</dict>
		<key>D733B90F1D8DC26F002C0D80</key>
		<dict>
			<key>fileRef</key>
			<string>D733B90E1D8DC26F002C0D80</string>
			<key>isa</key>
			<string>PBXBuildFile</string>
		</dict>
		<key>D74772611D8C335700F69258</key>
		<dict>
			<key>children</key>
			<array>
				<string>D74772621D8C337200F69258</string>
			</array>
			<key>isa</key>
			<string>PBXGroup</string>
			<key>name</key>
			<string>Search Result Detail View</string>
			<key>sourceTree</key>
			<string>&lt;group&gt;</string>
		</dict>
		<key>D74772621D8C337200F69258</key>
		<dict>
			<key>fileEncoding</key>
			<string>4</string>
			<key>isa</key>
			<string>PBXFileReference</string>
			<key>lastKnownFileType</key>
			<string>sourcecode.swift</string>
			<key>path</key>
			<string>SearchResultDetailView.swift</string>
			<key>sourceTree</key>
			<string>&lt;group&gt;</string>
		</dict>
		<key>D74772631D8C337200F69258</key>
		<dict>
			<key>fileRef</key>
			<string>D74772621D8C337200F69258</string>
			<key>isa</key>
			<string>PBXBuildFile</string>
		</dict>
		<key>D7648D1C1D8CD7A500C1D7C7</key>
		<dict>
			<key>children</key>
			<array>
				<string>D7648D1D1D8CD7BB00C1D7C7</string>
				<string>D7648D1E1D8CD7BB00C1D7C7</string>
				<string>D7648D1F1D8CD7BB00C1D7C7</string>
				<string>D7648D201D8CD7BB00C1D7C7</string>
				<string>D7648D211D8CD7BB00C1D7C7</string>
				<string>D7648D221D8CD7BB00C1D7C7</string>
				<string>D7648D231D8CD7BB00C1D7C7</string>
				<string>D7648D241D8CD7BB00C1D7C7</string>
				<string>D7648D251D8CD7BB00C1D7C7</string>
				<string>D7648D261D8CD7BB00C1D7C7</string>
				<string>D7648D271D8CD7BB00C1D7C7</string>
				<string>D7648D281D8CD7BB00C1D7C7</string>
				<string>D7648D291D8CD7BB00C1D7C7</string>
				<string>D7648D2A1D8CD7BB00C1D7C7</string>
			</array>
			<key>isa</key>
			<string>PBXGroup</string>
			<key>name</key>
			<string>LiquidLoader</string>
			<key>sourceTree</key>
			<string>&lt;group&gt;</string>
		</dict>
		<key>D7648D1D1D8CD7BB00C1D7C7</key>
		<dict>
			<key>fileEncoding</key>
			<string>4</string>
			<key>isa</key>
			<string>PBXFileReference</string>
			<key>lastKnownFileType</key>
			<string>sourcecode.swift</string>
			<key>path</key>
			<string>ArrayEx.swift</string>
			<key>sourceTree</key>
			<string>&lt;group&gt;</string>
		</dict>
		<key>D7648D1E1D8CD7BB00C1D7C7</key>
		<dict>
			<key>fileEncoding</key>
			<string>4</string>
			<key>isa</key>
			<string>PBXFileReference</string>
			<key>lastKnownFileType</key>
			<string>sourcecode.swift</string>
			<key>path</key>
			<string>CGPointEx.swift</string>
			<key>sourceTree</key>
			<string>&lt;group&gt;</string>
		</dict>
		<key>D7648D1F1D8CD7BB00C1D7C7</key>
		<dict>
			<key>fileEncoding</key>
			<string>4</string>
			<key>isa</key>
			<string>PBXFileReference</string>
			<key>lastKnownFileType</key>
			<string>sourcecode.swift</string>
			<key>path</key>
			<string>CGRectEx.swift</string>
			<key>sourceTree</key>
			<string>&lt;group&gt;</string>
		</dict>
		<key>D7648D201D8CD7BB00C1D7C7</key>
		<dict>
			<key>fileEncoding</key>
			<string>4</string>
			<key>isa</key>
			<string>PBXFileReference</string>
			<key>lastKnownFileType</key>
			<string>sourcecode.swift</string>
			<key>path</key>
			<string>CircularGradientLayer.swift</string>
			<key>sourceTree</key>
			<string>&lt;group&gt;</string>
		</dict>
		<key>D7648D211D8CD7BB00C1D7C7</key>
		<dict>
			<key>fileEncoding</key>
			<string>4</string>
			<key>isa</key>
			<string>PBXFileReference</string>
			<key>lastKnownFileType</key>
			<string>sourcecode.swift</string>
			<key>path</key>
			<string>LiquidCircleEffect.swift</string>
			<key>sourceTree</key>
			<string>&lt;group&gt;</string>
		</dict>
		<key>D7648D221D8CD7BB00C1D7C7</key>
		<dict>
			<key>fileEncoding</key>
			<string>4</string>
			<key>isa</key>
			<string>PBXFileReference</string>
			<key>lastKnownFileType</key>
			<string>sourcecode.swift</string>
			<key>path</key>
			<string>LiquidLineEffect.swift</string>
			<key>sourceTree</key>
			<string>&lt;group&gt;</string>
		</dict>
		<key>D7648D231D8CD7BB00C1D7C7</key>
		<dict>
			<key>fileEncoding</key>
			<string>4</string>
			<key>isa</key>
			<string>PBXFileReference</string>
			<key>lastKnownFileType</key>
			<string>sourcecode.swift</string>
			<key>path</key>
			<string>LiquidLoadEffect.swift</string>
			<key>sourceTree</key>
			<string>&lt;group&gt;</string>
		</dict>
		<key>D7648D241D8CD7BB00C1D7C7</key>
		<dict>
			<key>fileEncoding</key>
			<string>4</string>
			<key>isa</key>
			<string>PBXFileReference</string>
			<key>lastKnownFileType</key>
			<string>sourcecode.swift</string>
			<key>path</key>
			<string>LiquidLoader.swift</string>
			<key>sourceTree</key>
			<string>&lt;group&gt;</string>
		</dict>
		<key>D7648D251D8CD7BB00C1D7C7</key>
		<dict>
			<key>fileEncoding</key>
			<string>4</string>
			<key>isa</key>
			<string>PBXFileReference</string>
			<key>lastKnownFileType</key>
			<string>sourcecode.swift</string>
			<key>path</key>
			<string>LiquidUtil.swift</string>
			<key>sourceTree</key>
			<string>&lt;group&gt;</string>
		</dict>
		<key>D7648D261D8CD7BB00C1D7C7</key>
		<dict>
			<key>fileEncoding</key>
			<string>4</string>
			<key>isa</key>
			<string>PBXFileReference</string>
			<key>lastKnownFileType</key>
			<string>sourcecode.swift</string>
			<key>path</key>
			<string>LiquittableCircle.swift</string>
			<key>sourceTree</key>
			<string>&lt;group&gt;</string>
		</dict>
		<key>D7648D271D8CD7BB00C1D7C7</key>
		<dict>
			<key>fileEncoding</key>
			<string>4</string>
			<key>isa</key>
			<string>PBXFileReference</string>
			<key>lastKnownFileType</key>
			<string>sourcecode.swift</string>
			<key>path</key>
			<string>ObjC.swift</string>
			<key>sourceTree</key>
			<string>&lt;group&gt;</string>
		</dict>
		<key>D7648D281D8CD7BB00C1D7C7</key>
		<dict>
			<key>fileEncoding</key>
			<string>4</string>
			<key>isa</key>
			<string>PBXFileReference</string>
			<key>lastKnownFileType</key>
			<string>sourcecode.swift</string>
			<key>path</key>
			<string>SimpleCircleLiquidEngine.swift</string>
			<key>sourceTree</key>
			<string>&lt;group&gt;</string>
		</dict>
		<key>D7648D291D8CD7BB00C1D7C7</key>
		<dict>
			<key>fileEncoding</key>
			<string>4</string>
			<key>isa</key>
			<string>PBXFileReference</string>
			<key>lastKnownFileType</key>
			<string>sourcecode.swift</string>
			<key>path</key>
			<string>UIColorEx.swift</string>
			<key>sourceTree</key>
			<string>&lt;group&gt;</string>
		</dict>
		<key>D7648D2A1D8CD7BB00C1D7C7</key>
		<dict>
			<key>fileEncoding</key>
			<string>4</string>
			<key>isa</key>
			<string>PBXFileReference</string>
			<key>lastKnownFileType</key>
			<string>sourcecode.swift</string>
			<key>path</key>
			<string>UIView+Grow.swift</string>
			<key>sourceTree</key>
			<string>&lt;group&gt;</string>
		</dict>
		<key>D7648D2B1D8CD7BB00C1D7C7</key>
		<dict>
			<key>fileRef</key>
			<string>D7648D1D1D8CD7BB00C1D7C7</string>
			<key>isa</key>
			<string>PBXBuildFile</string>
		</dict>
		<key>D7648D2C1D8CD7BB00C1D7C7</key>
		<dict>
			<key>fileRef</key>
			<string>D7648D1E1D8CD7BB00C1D7C7</string>
			<key>isa</key>
			<string>PBXBuildFile</string>
		</dict>
		<key>D7648D2D1D8CD7BB00C1D7C7</key>
		<dict>
			<key>fileRef</key>
			<string>D7648D1F1D8CD7BB00C1D7C7</string>
			<key>isa</key>
			<string>PBXBuildFile</string>
		</dict>
		<key>D7648D2E1D8CD7BB00C1D7C7</key>
		<dict>
			<key>fileRef</key>
			<string>D7648D201D8CD7BB00C1D7C7</string>
			<key>isa</key>
			<string>PBXBuildFile</string>
		</dict>
		<key>D7648D2F1D8CD7BB00C1D7C7</key>
		<dict>
			<key>fileRef</key>
			<string>D7648D211D8CD7BB00C1D7C7</string>
			<key>isa</key>
			<string>PBXBuildFile</string>
		</dict>
		<key>D7648D301D8CD7BB00C1D7C7</key>
		<dict>
			<key>fileRef</key>
			<string>D7648D221D8CD7BB00C1D7C7</string>
			<key>isa</key>
			<string>PBXBuildFile</string>
		</dict>
		<key>D7648D311D8CD7BB00C1D7C7</key>
		<dict>
			<key>fileRef</key>
			<string>D7648D231D8CD7BB00C1D7C7</string>
			<key>isa</key>
			<string>PBXBuildFile</string>
		</dict>
		<key>D7648D321D8CD7BB00C1D7C7</key>
		<dict>
			<key>fileRef</key>
			<string>D7648D241D8CD7BB00C1D7C7</string>
			<key>isa</key>
			<string>PBXBuildFile</string>
		</dict>
		<key>D7648D331D8CD7BB00C1D7C7</key>
		<dict>
			<key>fileRef</key>
			<string>D7648D251D8CD7BB00C1D7C7</string>
			<key>isa</key>
			<string>PBXBuildFile</string>
		</dict>
		<key>D7648D341D8CD7BB00C1D7C7</key>
		<dict>
			<key>fileRef</key>
			<string>D7648D261D8CD7BB00C1D7C7</string>
			<key>isa</key>
			<string>PBXBuildFile</string>
		</dict>
		<key>D7648D351D8CD7BB00C1D7C7</key>
		<dict>
			<key>fileRef</key>
			<string>D7648D271D8CD7BB00C1D7C7</string>
			<key>isa</key>
			<string>PBXBuildFile</string>
		</dict>
		<key>D7648D361D8CD7BB00C1D7C7</key>
		<dict>
			<key>fileRef</key>
			<string>D7648D281D8CD7BB00C1D7C7</string>
			<key>isa</key>
			<string>PBXBuildFile</string>
		</dict>
		<key>D7648D371D8CD7BB00C1D7C7</key>
		<dict>
			<key>fileRef</key>
			<string>D7648D291D8CD7BB00C1D7C7</string>
			<key>isa</key>
			<string>PBXBuildFile</string>
		</dict>
		<key>D7648D381D8CD7BB00C1D7C7</key>
		<dict>
			<key>fileRef</key>
			<string>D7648D2A1D8CD7BB00C1D7C7</string>
			<key>isa</key>
			<string>PBXBuildFile</string>
		</dict>
		<key>D7B1BCE91D7D041300D41BEE</key>
		<dict>
			<key>fileEncoding</key>
			<string>4</string>
			<key>isa</key>
			<string>PBXFileReference</string>
			<key>lastKnownFileType</key>
			<string>sourcecode.swift</string>
			<key>path</key>
			<string>WebServices+CalendarID.swift</string>
			<key>sourceTree</key>
			<string>&lt;group&gt;</string>
		</dict>
		<key>D7B1BCEA1D7D041300D41BEE</key>
		<dict>
			<key>fileRef</key>
			<string>D7B1BCE91D7D041300D41BEE</string>
			<key>isa</key>
			<string>PBXBuildFile</string>
		</dict>
		<key>D7B35EE21D779BD100690868</key>
		<dict>
			<key>fileEncoding</key>
			<string>4</string>
			<key>isa</key>
			<string>PBXFileReference</string>
			<key>lastKnownFileType</key>
			<string>sourcecode.swift</string>
			<key>path</key>
			<string>StudentGroupTermStructure.swift</string>
			<key>sourceTree</key>
			<string>&lt;group&gt;</string>
		</dict>
		<key>D7B35EE31D779BD100690868</key>
		<dict>
			<key>fileRef</key>
			<string>D7B35EE21D779BD100690868</string>
			<key>isa</key>
			<string>PBXBuildFile</string>
		</dict>
		<key>D7B35EE41D779DD600690868</key>
		<dict>
			<key>fileEncoding</key>
			<string>4</string>
			<key>isa</key>
			<string>PBXFileReference</string>
			<key>lastKnownFileType</key>
			<string>sourcecode.swift</string>
			<key>path</key>
			<string>StartupViewController+SetupData.swift</string>
			<key>sourceTree</key>
			<string>&lt;group&gt;</string>
		</dict>
		<key>D7B35EE51D779DD600690868</key>
		<dict>
			<key>fileRef</key>
			<string>D7B35EE41D779DD600690868</string>
			<key>isa</key>
			<string>PBXBuildFile</string>
		</dict>
		<key>D7B35EE61D779DDC00690868</key>
		<dict>
			<key>children</key>
			<array>
				<string>A07468981D568F7000E7ACC0</string>
				<string>D7B35EE41D779DD600690868</string>
			</array>
			<key>isa</key>
			<string>PBXGroup</string>
			<key>name</key>
			<string>Startup</string>
			<key>sourceTree</key>
			<string>&lt;group&gt;</string>
		</dict>
		<key>D7B481BA1D79EF9B0033C58D</key>
		<dict>
			<key>fileEncoding</key>
			<string>4</string>
			<key>isa</key>
			<string>PBXFileReference</string>
			<key>lastKnownFileType</key>
			<string>sourcecode.swift</string>
			<key>path</key>
			<string>WebServices+StudentGroupTerm.swift</string>
			<key>sourceTree</key>
			<string>&lt;group&gt;</string>
		</dict>
		<key>D7B481BB1D79EF9B0033C58D</key>
		<dict>
			<key>fileRef</key>
			<string>D7B481BA1D79EF9B0033C58D</string>
			<key>isa</key>
			<string>PBXBuildFile</string>
		</dict>
		<key>D7B481BC1D7A309B0033C58D</key>
		<dict>
			<key>fileEncoding</key>
			<string>4</string>
			<key>isa</key>
			<string>PBXFileReference</string>
			<key>lastKnownFileType</key>
			<string>sourcecode.swift</string>
			<key>path</key>
			<string>AssignmentDataStructure.swift</string>
			<key>sourceTree</key>
			<string>&lt;group&gt;</string>
		</dict>
		<key>D7B481BD1D7A309B0033C58D</key>
		<dict>
			<key>fileRef</key>
			<string>D7B481BC1D7A309B0033C58D</string>
			<key>isa</key>
			<string>PBXBuildFile</string>
		</dict>
		<key>D7B481C21D7A35000033C58D</key>
		<dict>
			<key>buildActionMask</key>
			<string>2147483647</string>
			<key>files</key>
			<array/>
			<key>inputPaths</key>
			<array/>
			<key>isa</key>
			<string>PBXShellScriptBuildPhase</string>
			<key>outputPaths</key>
			<array/>
			<key>runOnlyForDeploymentPostprocessing</key>
			<string>0</string>
			<key>shellPath</key>
			<string>/bin/sh</string>
			<key>shellScript</key>
			<string>TAGS="TODO:|FIXME:"
echo "searching ${SRCROOT} for ${TAGS}"
find "${SRCROOT}" \( -name "*.swift" \) -print0 | xargs -0 egrep --with-filename --line-number --only-matching "($TAGS).*\$" | perl -p -e "s/($TAGS)/ warning: \$1/"</string>
		</dict>
		<key>D7B481C51D7B2A340033C58D</key>
		<dict>
			<key>isa</key>
			<string>PBXFileReference</string>
			<key>lastKnownFileType</key>
			<string>wrapper.framework</string>
			<key>name</key>
			<string>QuartzCore.framework</string>
			<key>path</key>
			<string>System/Library/Frameworks/QuartzCore.framework</string>
			<key>sourceTree</key>
			<string>SDKROOT</string>
		</dict>
		<key>D7B481C61D7B2A340033C58D</key>
		<dict>
			<key>fileRef</key>
			<string>D7B481C51D7B2A340033C58D</string>
			<key>isa</key>
			<string>PBXBuildFile</string>
		</dict>
		<key>D7B481C71D7B2A410033C58D</key>
		<dict>
			<key>isa</key>
			<string>PBXFileReference</string>
			<key>lastKnownFileType</key>
			<string>wrapper.framework</string>
			<key>name</key>
			<string>UIKit.framework</string>
			<key>path</key>
			<string>System/Library/Frameworks/UIKit.framework</string>
			<key>sourceTree</key>
			<string>SDKROOT</string>
		</dict>
		<key>D7B481C81D7B2A410033C58D</key>
		<dict>
			<key>fileRef</key>
			<string>D7B481C71D7B2A410033C58D</string>
			<key>isa</key>
			<string>PBXBuildFile</string>
		</dict>
		<key>D7B481C91D7B2B950033C58D</key>
		<dict>
			<key>fileEncoding</key>
			<string>4</string>
			<key>isa</key>
			<string>PBXFileReference</string>
			<key>lastKnownFileType</key>
			<string>sourcecode.swift</string>
			<key>path</key>
			<string>ShadowView.swift</string>
			<key>sourceTree</key>
			<string>&lt;group&gt;</string>
		</dict>
		<key>D7B481CA1D7B2B950033C58D</key>
		<dict>
			<key>fileRef</key>
			<string>D7B481C91D7B2B950033C58D</string>
			<key>isa</key>
			<string>PBXBuildFile</string>
		</dict>
		<key>D7C10B261D70B2E900C9B66F</key>
		<dict>
			<key>children</key>
			<array>
				<string>A0BD73031D56972500889331</string>
				<string>A0BD73091D56B27A00889331</string>
				<string>D7B481BA1D79EF9B0033C58D</string>
				<string>A09D75A71D570F1A00B2AA74</string>
				<string>D7C10B2A1D70B8D700C9B66F</string>
				<string>D72685FE1D7133F00081E4C7</string>
				<string>D7F999241D7EF83500EABBD2</string>
				<string>D72686001D7133F90081E4C7</string>
				<string>31375AFE1D6534CD00B07B29</string>
				<string>D7F2AB3A1D7BCC2C005F8515</string>
				<string>D7B1BCE91D7D041300D41BEE</string>
			</array>
			<key>isa</key>
			<string>PBXGroup</string>
			<key>name</key>
			<string>WebServices</string>
			<key>sourceTree</key>
			<string>&lt;group&gt;</string>
		</dict>
		<key>D7C10B271D70B2F800C9B66F</key>
		<dict>
			<key>children</key>
			<array>
				<string>31C4DA9C1D65644900397716</string>
				<string>D7B35EE21D779BD100690868</string>
				<string>31C4DA9E1D65647A00397716</string>
				<string>D7C10B2C1D70BB9700C9B66F</string>
				<string>D7B481BC1D7A309B0033C58D</string>
				<string>31C4DAA01D65649F00397716</string>
				<string>D7F2AB311D7BC662005F8515</string>
				<string>D72CF32D1D7258A900B2116C</string>
			</array>
			<key>isa</key>
			<string>PBXGroup</string>
			<key>name</key>
			<string>Data Models</string>
			<key>sourceTree</key>
			<string>&lt;group&gt;</string>
		</dict>
		<key>D7C10B281D70B39000C9B66F</key>
		<dict>
			<key>children</key>
			<array>
				<string>D733B90E1D8DC26F002C0D80</string>
				<string>A016B6E31D57FC7600A4A68D</string>
				<string>A08F66F01D57204900FBE55E</string>
				<string>D7B35EE61D779DDC00690868</string>
				<string>D71DEFEE1D75F7CA0006E6B6</string>
				<string>D71DEFEB1D75F6D00006E6B6</string>
				<string>D71DEFEA1D75F6C10006E6B6</string>
				<string>D7F2AB331D7BC8E2005F8515</string>
			</array>
			<key>isa</key>
			<string>PBXGroup</string>
			<key>name</key>
			<string>View Controllers</string>
			<key>sourceTree</key>
			<string>&lt;group&gt;</string>
		</dict>
		<key>D7C10B291D70B39600C9B66F</key>
		<dict>
			<key>children</key>
			<array>
				<string>D72686071D7134630081E4C7</string>
				<string>D72686051D71344D0081E4C7</string>
				<string>31CD30AA1D67BEB2001C4647</string>
				<string>D7F2AB3C1D7BD3EF005F8515</string>
				<string>D7B481C91D7B2B950033C58D</string>
			</array>
			<key>isa</key>
			<string>PBXGroup</string>
			<key>name</key>
			<string>Views</string>
			<key>sourceTree</key>
			<string>&lt;group&gt;</string>
		</dict>
		<key>D7C10B2A1D70B8D700C9B66F</key>
		<dict>
			<key>fileEncoding</key>
			<string>4</string>
			<key>isa</key>
			<string>PBXFileReference</string>
			<key>lastKnownFileType</key>
			<string>sourcecode.swift</string>
			<key>path</key>
			<string>WebServices+ClassDetail.swift</string>
			<key>sourceTree</key>
			<string>&lt;group&gt;</string>
		</dict>
		<key>D7C10B2B1D70B8D700C9B66F</key>
		<dict>
			<key>fileRef</key>
			<string>D7C10B2A1D70B8D700C9B66F</string>
			<key>isa</key>
			<string>PBXBuildFile</string>
		</dict>
		<key>D7C10B2C1D70BB9700C9B66F</key>
		<dict>
			<key>fileEncoding</key>
			<string>4</string>
			<key>isa</key>
			<string>PBXFileReference</string>
			<key>lastKnownFileType</key>
			<string>sourcecode.swift</string>
			<key>path</key>
			<string>ClassDetailDataStructure.swift</string>
			<key>sourceTree</key>
			<string>&lt;group&gt;</string>
		</dict>
		<key>D7C10B2D1D70BB9700C9B66F</key>
		<dict>
			<key>fileRef</key>
			<string>D7C10B2C1D70BB9700C9B66F</string>
			<key>isa</key>
			<string>PBXBuildFile</string>
		</dict>
		<key>D7C10B321D70ED0800C9B66F</key>
		<dict>
			<key>fileEncoding</key>
			<string>4</string>
			<key>isa</key>
			<string>PBXFileReference</string>
			<key>lastKnownFileType</key>
			<string>sourcecode.swift</string>
			<key>path</key>
			<string>Analytics.swift</string>
			<key>sourceTree</key>
			<string>&lt;group&gt;</string>
		</dict>
		<key>D7C10B331D70ED0800C9B66F</key>
		<dict>
			<key>fileRef</key>
			<string>D7C10B321D70ED0800C9B66F</string>
			<key>isa</key>
			<string>PBXBuildFile</string>
		</dict>
		<key>D7C689891D750E860088FCA5</key>
		<dict>
			<key>isa</key>
			<string>PBXFileReference</string>
			<key>lastKnownFileType</key>
			<string>wrapper.framework</string>
			<key>name</key>
			<string>SystemConfiguration.framework</string>
			<key>path</key>
			<string>System/Library/Frameworks/SystemConfiguration.framework</string>
			<key>sourceTree</key>
			<string>SDKROOT</string>
		</dict>
		<key>D7C6898A1D750E860088FCA5</key>
		<dict>
			<key>fileRef</key>
			<string>D7C689891D750E860088FCA5</string>
			<key>isa</key>
			<string>PBXBuildFile</string>
		</dict>
		<key>D7CF02171D75586D00145F4B</key>
		<dict>
			<key>children</key>
			<array>
				<string>D7CF021D1D755B1100145F4B</string>
				<string>D7CF021E1D755B1100145F4B</string>
			</array>
			<key>isa</key>
			<string>PBXGroup</string>
			<key>name</key>
			<string>Reachability</string>
			<key>sourceTree</key>
			<string>&lt;group&gt;</string>
		</dict>
		<key>D7CF021B1D7558B700145F4B</key>
		<dict>
			<key>isa</key>
			<string>PBXFileReference</string>
			<key>lastKnownFileType</key>
			<string>wrapper.framework</string>
			<key>name</key>
			<string>CoreGraphics.framework</string>
			<key>path</key>
			<string>System/Library/Frameworks/CoreGraphics.framework</string>
			<key>sourceTree</key>
			<string>SDKROOT</string>
		</dict>
		<key>D7CF021C1D7558B700145F4B</key>
		<dict>
			<key>fileRef</key>
			<string>D7CF021B1D7558B700145F4B</string>
			<key>isa</key>
			<string>PBXBuildFile</string>
		</dict>
		<key>D7CF021D1D755B1100145F4B</key>
		<dict>
			<key>fileEncoding</key>
			<string>4</string>
			<key>isa</key>
			<string>PBXFileReference</string>
			<key>lastKnownFileType</key>
			<string>sourcecode.c.h</string>
			<key>path</key>
			<string>Reachability.h</string>
			<key>sourceTree</key>
			<string>&lt;group&gt;</string>
		</dict>
		<key>D7CF021E1D755B1100145F4B</key>
		<dict>
			<key>fileEncoding</key>
			<string>4</string>
			<key>isa</key>
			<string>PBXFileReference</string>
			<key>lastKnownFileType</key>
			<string>sourcecode.c.objc</string>
			<key>path</key>
			<string>Reachability.m</string>
			<key>sourceTree</key>
			<string>&lt;group&gt;</string>
		</dict>
		<key>D7CF021F1D755B1100145F4B</key>
		<dict>
			<key>fileRef</key>
			<string>D7CF021E1D755B1100145F4B</string>
			<key>isa</key>
			<string>PBXBuildFile</string>
		</dict>
		<key>D7F2AB301D7B980C005F8515</key>
		<dict>
			<key>buildActionMask</key>
			<string>2147483647</string>
			<key>files</key>
			<array/>
			<key>inputPaths</key>
			<array/>
			<key>isa</key>
			<string>PBXShellScriptBuildPhase</string>
			<key>outputPaths</key>
			<array/>
			<key>runOnlyForDeploymentPostprocessing</key>
			<string>0</string>
			<key>shellPath</key>
			<string>/bin/sh</string>
			<key>shellScript</key>
			<string>"${PODS_ROOT}/Fabric/run" 3bb1daee44a331d527c9fc8d0c04d9851fc63b1b 3ea9eb675281115908b3b2f92912be7f542acf4d93c5bf32ea67e59619d51723</string>
		</dict>
		<key>D7F2AB311D7BC662005F8515</key>
		<dict>
			<key>fileEncoding</key>
			<string>4</string>
			<key>isa</key>
			<string>PBXFileReference</string>
			<key>lastKnownFileType</key>
			<string>sourcecode.swift</string>
			<key>path</key>
			<string>CalendarItemDataStructure.swift</string>
			<key>sourceTree</key>
			<string>&lt;group&gt;</string>
		</dict>
		<key>D7F2AB321D7BC662005F8515</key>
		<dict>
			<key>fileRef</key>
			<string>D7F2AB311D7BC662005F8515</string>
			<key>isa</key>
			<string>PBXBuildFile</string>
		</dict>
		<key>D7F2AB331D7BC8E2005F8515</key>
		<dict>
			<key>children</key>
			<array>
				<string>D7F2AB341D7BC95B005F8515</string>
				<string>D7F2AB401D7CAE9C005F8515</string>
			</array>
			<key>isa</key>
			<string>PBXGroup</string>
			<key>name</key>
			<string>Calendar</string>
			<key>sourceTree</key>
			<string>&lt;group&gt;</string>
		</dict>
		<key>D7F2AB341D7BC95B005F8515</key>
		<dict>
			<key>fileEncoding</key>
			<string>4</string>
			<key>isa</key>
			<string>PBXFileReference</string>
			<key>lastKnownFileType</key>
			<string>sourcecode.swift</string>
			<key>path</key>
			<string>CalendarViewController.swift</string>
			<key>sourceTree</key>
			<string>&lt;group&gt;</string>
		</dict>
		<key>D7F2AB351D7BC95B005F8515</key>
		<dict>
			<key>fileRef</key>
			<string>D7F2AB341D7BC95B005F8515</string>
			<key>isa</key>
			<string>PBXBuildFile</string>
		</dict>
		<key>D7F2AB3A1D7BCC2C005F8515</key>
		<dict>
			<key>fileEncoding</key>
			<string>4</string>
			<key>isa</key>
			<string>PBXFileReference</string>
			<key>lastKnownFileType</key>
			<string>sourcecode.swift</string>
			<key>path</key>
			<string>WebServices+Calendar.swift</string>
			<key>sourceTree</key>
			<string>&lt;group&gt;</string>
		</dict>
		<key>D7F2AB3B1D7BCC2C005F8515</key>
		<dict>
			<key>fileRef</key>
			<string>D7F2AB3A1D7BCC2C005F8515</string>
			<key>isa</key>
			<string>PBXBuildFile</string>
		</dict>
		<key>D7F2AB3C1D7BD3EF005F8515</key>
		<dict>
			<key>fileEncoding</key>
			<string>4</string>
			<key>isa</key>
			<string>PBXFileReference</string>
			<key>lastKnownFileType</key>
			<string>sourcecode.swift</string>
			<key>path</key>
			<string>CalendarTableViewCell.swift</string>
			<key>sourceTree</key>
			<string>&lt;group&gt;</string>
		</dict>
		<key>D7F2AB3D1D7BD3EF005F8515</key>
		<dict>
			<key>fileRef</key>
			<string>D7F2AB3C1D7BD3EF005F8515</string>
			<key>isa</key>
			<string>PBXBuildFile</string>
		</dict>
		<key>D7F2AB401D7CAE9C005F8515</key>
		<dict>
			<key>fileEncoding</key>
			<string>4</string>
			<key>isa</key>
			<string>PBXFileReference</string>
			<key>lastKnownFileType</key>
			<string>sourcecode.swift</string>
			<key>path</key>
			<string>CalendarViewController+TableView.swift</string>
			<key>sourceTree</key>
			<string>&lt;group&gt;</string>
		</dict>
		<key>D7F2AB411D7CAE9C005F8515</key>
		<dict>
			<key>fileRef</key>
			<string>D7F2AB401D7CAE9C005F8515</string>
			<key>isa</key>
			<string>PBXBuildFile</string>
		</dict>
		<key>D7F999241D7EF83500EABBD2</key>
		<dict>
			<key>fileEncoding</key>
			<string>4</string>
			<key>isa</key>
			<string>PBXFileReference</string>
			<key>lastKnownFileType</key>
			<string>sourcecode.swift</string>
			<key>path</key>
			<string>WebServices+AssignmentStatus.swift</string>
			<key>sourceTree</key>
			<string>&lt;group&gt;</string>
		</dict>
		<key>D7F999251D7EF83500EABBD2</key>
		<dict>
			<key>fileRef</key>
			<string>D7F999241D7EF83500EABBD2</string>
			<key>isa</key>
			<string>PBXBuildFile</string>
		</dict>
		<key>EE60E10580EE29BF7CE27F7A</key>
		<dict>
			<key>buildActionMask</key>
			<string>2147483647</string>
			<key>files</key>
			<array/>
			<key>inputPaths</key>
			<array/>
			<key>isa</key>
			<string>PBXShellScriptBuildPhase</string>
			<key>name</key>
			<string>Rollout.io pre-build</string>
			<key>outputPaths</key>
			<array/>
			<key>runOnlyForDeploymentPostprocessing</key>
			<false/>
			<key>shellPath</key>
			<string>/bin/sh</string>
			<key>shellScript</key>
			<string>ROLLOUT_lastXcodeprojConfiguration=7 "${SRCROOT}/Pods/Rollout.io/lib/pre-build_xcode_phase"</string>
		</dict>
		<key>F921898296A250D0E2257CAC</key>
		<dict>
			<key>explicitFileType</key>
			<string>wrapper.framework</string>
			<key>includeInIndex</key>
			<string>0</string>
			<key>isa</key>
			<string>PBXFileReference</string>
			<key>path</key>
			<string>Pods_Cranbrook_Kingswood.framework</string>
			<key>sourceTree</key>
			<string>BUILT_PRODUCTS_DIR</string>
		</dict>
		<key>FCE822EEA0693891A741DE0B</key>
		<dict>
			<key>buildActionMask</key>
			<string>2147483647</string>
			<key>files</key>
			<array/>
			<key>inputPaths</key>
			<array/>
			<key>isa</key>
			<string>PBXShellScriptBuildPhase</string>
			<key>name</key>
			<string>Rollout.io post-build</string>
			<key>outputPaths</key>
			<array/>
			<key>runOnlyForDeploymentPostprocessing</key>
			<false/>
			<key>shellPath</key>
			<string>/bin/sh</string>
			<key>shellScript</key>
			<string>ROLLOUT_lastXcodeprojConfiguration=7 "${SRCROOT}/Pods/Rollout.io/lib/post-build_xcode_phase" -k 57ddb79c8718e2f531cb2787</string>
		</dict>
	</dict>
	<key>rootObject</key>
	<string>A07468751D568DAD00E7ACC0</string>
</dict>
</plist>
