PODS:
  - Alamofire (3.4.1)
  - Crashlytics (3.8.0):
    - Fabric (~> 1.6.3)
  - Fabric (1.6.8)
  - SwiftyJSON (2.3.2)
  - Unbox (1.9)

DEPENDENCIES:
  - Alamofire (~> 3.4)
  - Crashlytics
  - Fabric
  - SwiftyJSON
  - Unbox

SPEC CHECKSUMS:
  Alamofire: 01a82e2f6c0f860ade35534c8dd88be61bdef40c
  Crashlytics: 8601d9c74a4c4d28f3e7f408bf4c0e490c70e8b4
  Fabric: 5755268d0171435ab167e3d0878a28a777deaf10
  SwiftyJSON: 04ccea08915aa0109039157c7974cf0298da292a
  Unbox: a6f56a1682b5fd2ba6aea96d7b1ec17599db4f05

PODFILE CHECKSUM: aad15ed0feae81f9398c81c563a8ec5c3ed347c2

COCOAPODS: 1.0.1
