PODS:
  - Alamofire (3.4.1)
  - Crashlytics (3.8.2):
    - Fabric (~> 1.6.3)
  - Fabric (1.6.8)
  - Firebase/Analytics (3.5.2):
    - FirebaseAnalytics (~> 3.3)
  - Firebase/Core (3.5.2):
    - Firebase/Analytics
  - Firebase/RemoteConfig (3.5.2):
    - Firebase/Analytics
    - FirebaseRemoteConfig (= 1.2.0)
  - FirebaseAnalytics (3.3.1):
    - FirebaseInstanceID (~> 1.0)
    - GoogleInterchangeUtilities (~> 1.2)
    - GoogleSymbolUtilities (~> 1.1)
    - GoogleUtilities (~> 1.2)
  - FirebaseInstanceID (1.0.8)
  - FirebaseRemoteConfig (1.2.0):
    - FirebaseAnalytics (~> 3.3)
    - FirebaseInstanceID (~> 1.0)
    - GoogleInterchangeUtilities (~> 1.2)
    - GoogleIPhoneUtilities (~> 1.2)
    - GoogleSymbolUtilities (~> 1.1)
    - GoogleUtilities (~> 1.2)
  - GoogleInterchangeUtilities (1.2.1):
    - GoogleSymbolUtilities (~> 1.0)
  - GoogleIPhoneUtilities (1.2.1):
    - GoogleSymbolUtilities (~> 1.0)
    - GoogleUtilities (~> 1.0)
  - GoogleSymbolUtilities (1.1.1)
  - GoogleUtilities (1.3.1):
    - GoogleSymbolUtilities (~> 1.0)
  - HockeySDK (4.1.1):
    - HockeySDK/DefaultLib (= 4.1.1)
  - HockeySDK/DefaultLib (4.1.1)
  - PullToRefreshSwift (2.0.0)
  - Rollout.io (1.3.1)
  - SwiftMessages (2.0.0)
  - SwiftyJSON (2.3.2)
  - Unbox (1.9)

DEPENDENCIES:
  - Alamofire (~> 3.4)
  - Crashlytics
  - Fabric
  - Firebase/Core
  - Firebase/RemoteConfig
  - HockeySDK (~> 4.1.1)
  - PullToRefreshSwift
  - Rollout.io (~> 1.3.1)
  - SwiftMessages (~> 2.0.0)
  - SwiftyJSON
  - Unbox

SPEC CHECKSUMS:
  Alamofire: 01a82e2f6c0f860ade35534c8dd88be61bdef40c
  Crashlytics: 27acca95a01b042a8294291dd6dff27f8f6af6d7
  Fabric: 5755268d0171435ab167e3d0878a28a777deaf10
  Firebase: 94e63112efcad75226c0356a8f3032397b8547c9
  FirebaseAnalytics: d968d4d5f6aeb795cd64144337bcd233e530efc6
  FirebaseInstanceID: ba1e640935235e5fac39dfa816fe7660e72e1a8a
  FirebaseRemoteConfig: c5378e689c1edb54ff62061b8f6a908263dd80ae
  GoogleInterchangeUtilities: def8415a862effc67d549d5b5b0b9c7a2f97d4de
  GoogleIPhoneUtilities: 63f25e93a3ddcb66884d182aab3a660d98f1479b
  GoogleSymbolUtilities: 33117db1b5f290c6fbf259585e4885b4c84b98d7
  GoogleUtilities: 56c5ac05b7aa5dc417a1bb85221a9516e04d7032
  HockeySDK: 364679ba00f3447d014dd75cac57e59cc2574318
  PullToRefreshSwift: 5c509e89c6638eae689813b665eff1a0ea0560d3
  Rollout.io: e2374975b36769db594ecbe8738e13f8a5b202c8
  SwiftMessages: 2e36405da88c6f51345d64b5e6e8f4c14853f5c7
  SwiftyJSON: 04ccea08915aa0109039157c7974cf0298da292a
  Unbox: a6f56a1682b5fd2ba6aea96d7b1ec17599db4f05

PODFILE CHECKSUM: 0df18f81c40d55ebeeed244cc61a98c561e93224

COCOAPODS: 1.1.0.rc.2
